Microsoft Visual Studio Solution File, Format Version 12.00
# Visual Studio 14
VisualStudioVersion = 14.0.25123.0
MinimumVisualStudioVersion = 10.0.40219.1
Project("{8BC9CEB8-8B4A-11D0-8D11-00A0C91BC942}") = "Eduke32_UWP_Launcher", "DukeNukem\Eduke32_UWP_Launcher.vcxproj", "{C5BF6C98-F5E1-4053-AE43-05201DBDE3D2}"
	ProjectSection(ProjectDependencies) = postProject
		{4E15E952-1078-48E4-8C2A-03C3A8031044} = {4E15E952-1078-48E4-8C2A-03C3A8031044}
		{A052426E-C428-4CDC-A50E-75D2410AC24F} = {A052426E-C428-4CDC-A50E-75D2410AC24F}
		{FA77B8A1-5862-4E9D-8313-15D4442CFA8C} = {FA77B8A1-5862-4E9D-8313-15D4442CFA8C}
		{C98D1AE0-E266-4F69-91E1-685BA877E064} = {C98D1AE0-E266-4F69-91E1-685BA877E064}
		{633B0FEC-7CCA-4ADA-A6F0-BDE67E8F8EDF} = {633B0FEC-7CCA-4ADA-A6F0-BDE67E8F8EDF}
	EndProjectSection
EndProject
Project("{8BC9CEB8-8B4A-11D0-8D11-00A0C91BC942}") = "Build", "DukeNukem\build.vcxproj", "{633B0FEC-7CCA-4ADA-A6F0-BDE67E8F8EDF}"
EndProject
Project("{2150E333-8FDC-42A3-9474-1A3956D46DE8}") = "Engine", "Engine", "{C905ED38-9E0D-406C-AA7A-9FD7EB937F4B}"
EndProject
Project("{2150E333-8FDC-42A3-9474-1A3956D46DE8}") = "GameCode", "GameCode", "{31FED47D-FA76-46B2-B3DF-FC05915574D5}"
EndProject
Project("{8BC9CEB8-8B4A-11D0-8D11-00A0C91BC942}") = "enet", "DukeNukem\enet.vcxproj", "{4E15E952-1078-48E4-8C2A-03C3A8031044}"
EndProject
Project("{8BC9CEB8-8B4A-11D0-8D11-00A0C91BC942}") = "jmact", "DukeNukem\jmact.vcxproj", "{FA77B8A1-5862-4E9D-8313-15D4442CFA8C}"
EndProject
Project("{2150E333-8FDC-42A3-9474-1A3956D46DE8}") = "Game_Libs", "Game_Libs", "{A50A4F57-E643-4487-AD3B-EB737F6DEB2C}"
EndProject
Project("{2150E333-8FDC-42A3-9474-1A3956D46DE8}") = "Third-Party", "Third-Party", "{867BE30D-64F3-431A-A7CA-D22D179B7307}"
EndProject
Project("{8BC9CEB8-8B4A-11D0-8D11-00A0C91BC942}") = "jaudiolib", "DukeNukem\jaudiolib.vcxproj", "{A052426E-C428-4CDC-A50E-75D2410AC24F}"
EndProject
Project("{8BC9CEB8-8B4A-11D0-8D11-00A0C91BC942}") = "SDL2-UWP", "DukeNukem\Third-Party\SDL2-master\VisualC-WinRT\UWP_VS2015\SDL-UWP.vcxproj", "{89E9B32E-A86A-47C3-A948-D2B1622925CE}"
EndProject
Project("{8BC9CEB8-8B4A-11D0-8D11-00A0C91BC942}") = "SDL2_mixer-UWP", "DukeNukem\Third-Party\SDL\WindowsUWP\SDL_mixer-UWP.vcxproj", "{3A833C7A-C776-4202-9DBD-BC879B23C605}"
EndProject
Project("{8BC9CEB8-8B4A-11D0-8D11-00A0C91BC942}") = "libogg_static-UWP", "DukeNukem\Third-Party\SDL\WindowsUWP\libogg_static-UWP.vcxproj", "{6BC6349C-E355-4F1C-9290-FF755114A84B}"
EndProject
Project("{8BC9CEB8-8B4A-11D0-8D11-00A0C91BC942}") = "libvorbis_static-UWP", "DukeNukem\Third-Party\SDL\WindowsUWP\libvorbis_static-UWP.vcxproj", "{E3AB27F1-EB89-4C65-85DF-CB6A4F805753}"
EndProject
Project("{8BC9CEB8-8B4A-11D0-8D11-00A0C91BC942}") = "libvorbisfile_static-UWP", "DukeNukem\Third-Party\SDL\WindowsUWP\libvorbisfile_static-UWP.vcxproj", "{936B2819-2364-45D9-901D-52878914FAFA}"
EndProject
Project("{2150E333-8FDC-42A3-9474-1A3956D46DE8}") = "Tools", "Tools", "{EFA5CF35-47D0-4C01-B87C-10CF5F4C0827}"
EndProject
Project("{8BC9CEB8-8B4A-11D0-8D11-00A0C91BC942}") = "VirtualTextureBuildTool", "Tools\VirtualTextureBuildTool\VirtualTextureBuildTool.vcxproj", "{DB17C673-2F38-48C3-9175-7EB05EAE3FE0}"
EndProject
Project("{8BC9CEB8-8B4A-11D0-8D11-00A0C91BC942}") = "MeshBuildTool", "Tools\MeshBuildTool\MeshBuildTool.vcxproj", "{CFC011FA-728E-45E2-9664-C17BC2A30FB5}"
EndProject
Project("{2150E333-8FDC-42A3-9474-1A3956D46DE8}") = "Launchers", "Launchers", "{CE56B95A-BAEF-486D-BC45-A4AF97C8C989}"
EndProject
Project("{8BC9CEB8-8B4A-11D0-8D11-00A0C91BC942}") = "Game", "DukeNukem\Game.vcxproj", "{C98D1AE0-E266-4F69-91E1-685BA877E064}"
EndProject
Project("{8BC9CEB8-8B4A-11D0-8D11-00A0C91BC942}") = "EDuke32_Windows_Launcher", "DukeNukem\EDuke32_Windows_Launcher.vcxproj", "{FE8F679F-3116-4AE8-ADCA-6DC9F21C8B74}"
EndProject
Project("{2150E333-8FDC-42A3-9474-1A3956D46DE8}") = "UniversalWindows", "UniversalWindows", "{14B9E0C5-CA50-44D3-9D86-2520BDCD5D50}"
EndProject
Project("{2150E333-8FDC-42A3-9474-1A3956D46DE8}") = "Windows", "Windows", "{C284A225-7A03-4864-9FE0-8090FB61CE8F}"
EndProject
Project("{8BC9CEB8-8B4A-11D0-8D11-00A0C91BC942}") = "libogg_dynamic", "DukeNukem\Third-Party\SDL\SDL_mixer\VisualC-WinRT\WinGeneric\libogg_dynamic-WinRT81.vcxproj", "{311EBA11-7E55-4354-B5EF-A54CBA872823}"
EndProject
Project("{8BC9CEB8-8B4A-11D0-8D11-00A0C91BC942}") = "libvorbis_dynamic", "DukeNukem\Third-Party\SDL\SDL_mixer\VisualC-WinRT\WinGeneric\libvorbis_dynamic-WinRT81.vcxproj", "{D26C1D26-7A1E-478F-A825-B4579634004B}"
EndProject
Project("{8BC9CEB8-8B4A-11D0-8D11-00A0C91BC942}") = "libvorbisfile_dynamic", "DukeNukem\Third-Party\SDL\SDL_mixer\VisualC-WinRT\WinGeneric\libvorbisfile_dynamic-WinRT81.vcxproj", "{F34A7AA5-DC67-49C4-A38F-7A7660CAB6A4}"
EndProject
Project("{8BC9CEB8-8B4A-11D0-8D11-00A0C91BC942}") = "SDL2", "DukeNukem\Third-Party\SDL2-master\VisualC\SDL\SDL_VS2008.vcxproj", "{81CE8DAF-EBB2-4761-8E45-B71ABCCA8C68}"
EndProject
Project("{8BC9CEB8-8B4A-11D0-8D11-00A0C91BC942}") = "SDL2_mixer", "DukeNukem\Third-Party\SDL\SDL_mixer\VisualC\SDL_mixer_VS2013.vcxproj", "{F7E944B3-0815-40CD-B3E4-90B2A15B0E33}"
EndProject
Project("{8BC9CEB8-8B4A-11D0-8D11-00A0C91BC942}") = "Voxel2Obj", "Tools\Voxel2Obj\Voxel2Obj.vcxproj", "{55D4E1E1-8A9B-4604-A35F-9CADD3D5294F}"
EndProject
Global
	GlobalSection(SolutionConfigurationPlatforms) = preSolution
		Debug|Any CPU = Debug|Any CPU
		Debug|ARM = Debug|ARM
		Debug|x64 = Debug|x64
		Debug|x86 = Debug|x86
		DebugSW|Any CPU = DebugSW|Any CPU
		DebugSW|ARM = DebugSW|ARM
		DebugSW|x64 = DebugSW|x64
		DebugSW|x86 = DebugSW|x86
		Profile|Any CPU = Profile|Any CPU
		Profile|ARM = Profile|ARM
		Profile|x64 = Profile|x64
		Profile|x86 = Profile|x86
		Release|Any CPU = Release|Any CPU
		Release|ARM = Release|ARM
		Release|x64 = Release|x64
		Release|x86 = Release|x86
		ReleaseSW|Any CPU = ReleaseSW|Any CPU
		ReleaseSW|ARM = ReleaseSW|ARM
		ReleaseSW|x64 = ReleaseSW|x64
		ReleaseSW|x86 = ReleaseSW|x86
	EndGlobalSection
	GlobalSection(ProjectConfigurationPlatforms) = postSolution
		{C5BF6C98-F5E1-4053-AE43-05201DBDE3D2}.Debug|Any CPU.ActiveCfg = Debug|Win32
		{C5BF6C98-F5E1-4053-AE43-05201DBDE3D2}.Debug|ARM.ActiveCfg = Debug|ARM
		{C5BF6C98-F5E1-4053-AE43-05201DBDE3D2}.Debug|ARM.Build.0 = Debug|ARM
		{C5BF6C98-F5E1-4053-AE43-05201DBDE3D2}.Debug|ARM.Deploy.0 = Debug|ARM
		{C5BF6C98-F5E1-4053-AE43-05201DBDE3D2}.Debug|x64.ActiveCfg = Debug|x64
		{C5BF6C98-F5E1-4053-AE43-05201DBDE3D2}.Debug|x64.Build.0 = Debug|x64
		{C5BF6C98-F5E1-4053-AE43-05201DBDE3D2}.Debug|x64.Deploy.0 = Debug|x64
		{C5BF6C98-F5E1-4053-AE43-05201DBDE3D2}.Debug|x86.ActiveCfg = Debug|Win32
		{C5BF6C98-F5E1-4053-AE43-05201DBDE3D2}.Debug|x86.Build.0 = Debug|Win32
		{C5BF6C98-F5E1-4053-AE43-05201DBDE3D2}.Debug|x86.Deploy.0 = Debug|Win32
		{C5BF6C98-F5E1-4053-AE43-05201DBDE3D2}.DebugSW|Any CPU.ActiveCfg = DebugSW|Win32
		{C5BF6C98-F5E1-4053-AE43-05201DBDE3D2}.DebugSW|ARM.ActiveCfg = DebugSW|ARM
		{C5BF6C98-F5E1-4053-AE43-05201DBDE3D2}.DebugSW|ARM.Build.0 = DebugSW|ARM
		{C5BF6C98-F5E1-4053-AE43-05201DBDE3D2}.DebugSW|ARM.Deploy.0 = DebugSW|ARM
		{C5BF6C98-F5E1-4053-AE43-05201DBDE3D2}.DebugSW|x64.ActiveCfg = DebugSW|x64
		{C5BF6C98-F5E1-4053-AE43-05201DBDE3D2}.DebugSW|x64.Build.0 = DebugSW|x64
		{C5BF6C98-F5E1-4053-AE43-05201DBDE3D2}.DebugSW|x64.Deploy.0 = DebugSW|x64
		{C5BF6C98-F5E1-4053-AE43-05201DBDE3D2}.DebugSW|x86.ActiveCfg = DebugSW|Win32
		{C5BF6C98-F5E1-4053-AE43-05201DBDE3D2}.DebugSW|x86.Build.0 = DebugSW|Win32
		{C5BF6C98-F5E1-4053-AE43-05201DBDE3D2}.DebugSW|x86.Deploy.0 = DebugSW|Win32
		{C5BF6C98-F5E1-4053-AE43-05201DBDE3D2}.Profile|Any CPU.ActiveCfg = ReleaseSW|x64
		{C5BF6C98-F5E1-4053-AE43-05201DBDE3D2}.Profile|Any CPU.Build.0 = ReleaseSW|x64
		{C5BF6C98-F5E1-4053-AE43-05201DBDE3D2}.Profile|Any CPU.Deploy.0 = ReleaseSW|x64
		{C5BF6C98-F5E1-4053-AE43-05201DBDE3D2}.Profile|ARM.ActiveCfg = ReleaseSW|ARM
		{C5BF6C98-F5E1-4053-AE43-05201DBDE3D2}.Profile|ARM.Build.0 = ReleaseSW|ARM
		{C5BF6C98-F5E1-4053-AE43-05201DBDE3D2}.Profile|ARM.Deploy.0 = ReleaseSW|ARM
		{C5BF6C98-F5E1-4053-AE43-05201DBDE3D2}.Profile|x64.ActiveCfg = ReleaseSW|x64
		{C5BF6C98-F5E1-4053-AE43-05201DBDE3D2}.Profile|x64.Build.0 = ReleaseSW|x64
		{C5BF6C98-F5E1-4053-AE43-05201DBDE3D2}.Profile|x64.Deploy.0 = ReleaseSW|x64
		{C5BF6C98-F5E1-4053-AE43-05201DBDE3D2}.Profile|x86.ActiveCfg = ReleaseSW|Win32
		{C5BF6C98-F5E1-4053-AE43-05201DBDE3D2}.Profile|x86.Build.0 = ReleaseSW|Win32
		{C5BF6C98-F5E1-4053-AE43-05201DBDE3D2}.Profile|x86.Deploy.0 = ReleaseSW|Win32
		{C5BF6C98-F5E1-4053-AE43-05201DBDE3D2}.Release|Any CPU.ActiveCfg = Release|Win32
		{C5BF6C98-F5E1-4053-AE43-05201DBDE3D2}.Release|ARM.ActiveCfg = Release|ARM
		{C5BF6C98-F5E1-4053-AE43-05201DBDE3D2}.Release|ARM.Build.0 = Release|ARM
		{C5BF6C98-F5E1-4053-AE43-05201DBDE3D2}.Release|ARM.Deploy.0 = Release|ARM
		{C5BF6C98-F5E1-4053-AE43-05201DBDE3D2}.Release|x64.ActiveCfg = Release|x64
		{C5BF6C98-F5E1-4053-AE43-05201DBDE3D2}.Release|x64.Build.0 = Release|x64
		{C5BF6C98-F5E1-4053-AE43-05201DBDE3D2}.Release|x64.Deploy.0 = Release|x64
		{C5BF6C98-F5E1-4053-AE43-05201DBDE3D2}.Release|x86.ActiveCfg = Release|Win32
		{C5BF6C98-F5E1-4053-AE43-05201DBDE3D2}.Release|x86.Build.0 = Release|Win32
		{C5BF6C98-F5E1-4053-AE43-05201DBDE3D2}.Release|x86.Deploy.0 = Release|Win32
		{C5BF6C98-F5E1-4053-AE43-05201DBDE3D2}.ReleaseSW|Any CPU.ActiveCfg = ReleaseSW|Win32
		{C5BF6C98-F5E1-4053-AE43-05201DBDE3D2}.ReleaseSW|ARM.ActiveCfg = ReleaseSW|ARM
		{C5BF6C98-F5E1-4053-AE43-05201DBDE3D2}.ReleaseSW|ARM.Build.0 = ReleaseSW|ARM
		{C5BF6C98-F5E1-4053-AE43-05201DBDE3D2}.ReleaseSW|ARM.Deploy.0 = ReleaseSW|ARM
		{C5BF6C98-F5E1-4053-AE43-05201DBDE3D2}.ReleaseSW|x64.ActiveCfg = ReleaseSW|x64
		{C5BF6C98-F5E1-4053-AE43-05201DBDE3D2}.ReleaseSW|x64.Build.0 = ReleaseSW|x64
		{C5BF6C98-F5E1-4053-AE43-05201DBDE3D2}.ReleaseSW|x64.Deploy.0 = ReleaseSW|x64
		{C5BF6C98-F5E1-4053-AE43-05201DBDE3D2}.ReleaseSW|x86.ActiveCfg = ReleaseSW|Win32
		{C5BF6C98-F5E1-4053-AE43-05201DBDE3D2}.ReleaseSW|x86.Build.0 = ReleaseSW|Win32
		{C5BF6C98-F5E1-4053-AE43-05201DBDE3D2}.ReleaseSW|x86.Deploy.0 = ReleaseSW|Win32
		{633B0FEC-7CCA-4ADA-A6F0-BDE67E8F8EDF}.Debug|Any CPU.ActiveCfg = Debug|Win32
		{633B0FEC-7CCA-4ADA-A6F0-BDE67E8F8EDF}.Debug|ARM.ActiveCfg = Debug|Win32
		{633B0FEC-7CCA-4ADA-A6F0-BDE67E8F8EDF}.Debug|x64.ActiveCfg = Debug|x64
		{633B0FEC-7CCA-4ADA-A6F0-BDE67E8F8EDF}.Debug|x64.Build.0 = Debug|x64
		{633B0FEC-7CCA-4ADA-A6F0-BDE67E8F8EDF}.Debug|x86.ActiveCfg = Debug|Win32
		{633B0FEC-7CCA-4ADA-A6F0-BDE67E8F8EDF}.Debug|x86.Build.0 = Debug|Win32
		{633B0FEC-7CCA-4ADA-A6F0-BDE67E8F8EDF}.DebugSW|Any CPU.ActiveCfg = DebugSW|Win32
		{633B0FEC-7CCA-4ADA-A6F0-BDE67E8F8EDF}.DebugSW|ARM.ActiveCfg = DebugSW|Win32
		{633B0FEC-7CCA-4ADA-A6F0-BDE67E8F8EDF}.DebugSW|x64.ActiveCfg = DebugSW|x64
		{633B0FEC-7CCA-4ADA-A6F0-BDE67E8F8EDF}.DebugSW|x64.Build.0 = DebugSW|x64
		{633B0FEC-7CCA-4ADA-A6F0-BDE67E8F8EDF}.DebugSW|x86.ActiveCfg = DebugSW|Win32
		{633B0FEC-7CCA-4ADA-A6F0-BDE67E8F8EDF}.DebugSW|x86.Build.0 = DebugSW|Win32
		{633B0FEC-7CCA-4ADA-A6F0-BDE67E8F8EDF}.Profile|Any CPU.ActiveCfg = ReleaseSW|x64
		{633B0FEC-7CCA-4ADA-A6F0-BDE67E8F8EDF}.Profile|Any CPU.Build.0 = ReleaseSW|x64
		{633B0FEC-7CCA-4ADA-A6F0-BDE67E8F8EDF}.Profile|ARM.ActiveCfg = ReleaseSW|x64
		{633B0FEC-7CCA-4ADA-A6F0-BDE67E8F8EDF}.Profile|ARM.Build.0 = ReleaseSW|x64
		{633B0FEC-7CCA-4ADA-A6F0-BDE67E8F8EDF}.Profile|x64.ActiveCfg = ReleaseSW|x64
		{633B0FEC-7CCA-4ADA-A6F0-BDE67E8F8EDF}.Profile|x64.Build.0 = ReleaseSW|x64
		{633B0FEC-7CCA-4ADA-A6F0-BDE67E8F8EDF}.Profile|x86.ActiveCfg = ReleaseSW|Win32
		{633B0FEC-7CCA-4ADA-A6F0-BDE67E8F8EDF}.Profile|x86.Build.0 = ReleaseSW|Win32
		{633B0FEC-7CCA-4ADA-A6F0-BDE67E8F8EDF}.Release|Any CPU.ActiveCfg = Release|Win32
		{633B0FEC-7CCA-4ADA-A6F0-BDE67E8F8EDF}.Release|ARM.ActiveCfg = Release|Win32
		{633B0FEC-7CCA-4ADA-A6F0-BDE67E8F8EDF}.Release|x64.ActiveCfg = Release|x64
		{633B0FEC-7CCA-4ADA-A6F0-BDE67E8F8EDF}.Release|x64.Build.0 = Release|x64
		{633B0FEC-7CCA-4ADA-A6F0-BDE67E8F8EDF}.Release|x86.ActiveCfg = Release|Win32
		{633B0FEC-7CCA-4ADA-A6F0-BDE67E8F8EDF}.Release|x86.Build.0 = Release|Win32
		{633B0FEC-7CCA-4ADA-A6F0-BDE67E8F8EDF}.ReleaseSW|Any CPU.ActiveCfg = ReleaseSW|Win32
		{633B0FEC-7CCA-4ADA-A6F0-BDE67E8F8EDF}.ReleaseSW|ARM.ActiveCfg = ReleaseSW|Win32
		{633B0FEC-7CCA-4ADA-A6F0-BDE67E8F8EDF}.ReleaseSW|x64.ActiveCfg = ReleaseSW|x64
		{633B0FEC-7CCA-4ADA-A6F0-BDE67E8F8EDF}.ReleaseSW|x64.Build.0 = ReleaseSW|x64
		{633B0FEC-7CCA-4ADA-A6F0-BDE67E8F8EDF}.ReleaseSW|x86.ActiveCfg = ReleaseSW|Win32
		{633B0FEC-7CCA-4ADA-A6F0-BDE67E8F8EDF}.ReleaseSW|x86.Build.0 = ReleaseSW|Win32
		{4E15E952-1078-48E4-8C2A-03C3A8031044}.Debug|Any CPU.ActiveCfg = Debug|Win32
		{4E15E952-1078-48E4-8C2A-03C3A8031044}.Debug|ARM.ActiveCfg = Debug|Win32
		{4E15E952-1078-48E4-8C2A-03C3A8031044}.Debug|x64.ActiveCfg = Debug|x64
		{4E15E952-1078-48E4-8C2A-03C3A8031044}.Debug|x64.Build.0 = Debug|x64
		{4E15E952-1078-48E4-8C2A-03C3A8031044}.Debug|x86.ActiveCfg = Debug|Win32
		{4E15E952-1078-48E4-8C2A-03C3A8031044}.Debug|x86.Build.0 = Debug|Win32
		{4E15E952-1078-48E4-8C2A-03C3A8031044}.DebugSW|Any CPU.ActiveCfg = DebugSW|Win32
		{4E15E952-1078-48E4-8C2A-03C3A8031044}.DebugSW|ARM.ActiveCfg = DebugSW|Win32
		{4E15E952-1078-48E4-8C2A-03C3A8031044}.DebugSW|x64.ActiveCfg = DebugSW|x64
		{4E15E952-1078-48E4-8C2A-03C3A8031044}.DebugSW|x64.Build.0 = DebugSW|x64
		{4E15E952-1078-48E4-8C2A-03C3A8031044}.DebugSW|x86.ActiveCfg = DebugSW|Win32
		{4E15E952-1078-48E4-8C2A-03C3A8031044}.DebugSW|x86.Build.0 = DebugSW|Win32
		{4E15E952-1078-48E4-8C2A-03C3A8031044}.Profile|Any CPU.ActiveCfg = ReleaseSW|x64
		{4E15E952-1078-48E4-8C2A-03C3A8031044}.Profile|Any CPU.Build.0 = ReleaseSW|x64
		{4E15E952-1078-48E4-8C2A-03C3A8031044}.Profile|ARM.ActiveCfg = ReleaseSW|x64
		{4E15E952-1078-48E4-8C2A-03C3A8031044}.Profile|ARM.Build.0 = ReleaseSW|x64
		{4E15E952-1078-48E4-8C2A-03C3A8031044}.Profile|x64.ActiveCfg = ReleaseSW|x64
		{4E15E952-1078-48E4-8C2A-03C3A8031044}.Profile|x64.Build.0 = ReleaseSW|x64
		{4E15E952-1078-48E4-8C2A-03C3A8031044}.Profile|x86.ActiveCfg = ReleaseSW|Win32
		{4E15E952-1078-48E4-8C2A-03C3A8031044}.Profile|x86.Build.0 = ReleaseSW|Win32
		{4E15E952-1078-48E4-8C2A-03C3A8031044}.Release|Any CPU.ActiveCfg = Release|Win32
		{4E15E952-1078-48E4-8C2A-03C3A8031044}.Release|ARM.ActiveCfg = Release|Win32
		{4E15E952-1078-48E4-8C2A-03C3A8031044}.Release|x64.ActiveCfg = Release|x64
		{4E15E952-1078-48E4-8C2A-03C3A8031044}.Release|x64.Build.0 = Release|x64
		{4E15E952-1078-48E4-8C2A-03C3A8031044}.Release|x86.ActiveCfg = Release|Win32
		{4E15E952-1078-48E4-8C2A-03C3A8031044}.Release|x86.Build.0 = Release|Win32
		{4E15E952-1078-48E4-8C2A-03C3A8031044}.ReleaseSW|Any CPU.ActiveCfg = ReleaseSW|Win32
		{4E15E952-1078-48E4-8C2A-03C3A8031044}.ReleaseSW|ARM.ActiveCfg = ReleaseSW|Win32
		{4E15E952-1078-48E4-8C2A-03C3A8031044}.ReleaseSW|x64.ActiveCfg = ReleaseSW|x64
		{4E15E952-1078-48E4-8C2A-03C3A8031044}.ReleaseSW|x64.Build.0 = ReleaseSW|x64
		{4E15E952-1078-48E4-8C2A-03C3A8031044}.ReleaseSW|x86.ActiveCfg = ReleaseSW|Win32
		{4E15E952-1078-48E4-8C2A-03C3A8031044}.ReleaseSW|x86.Build.0 = ReleaseSW|Win32
		{FA77B8A1-5862-4E9D-8313-15D4442CFA8C}.Debug|Any CPU.ActiveCfg = Debug|Win32
		{FA77B8A1-5862-4E9D-8313-15D4442CFA8C}.Debug|ARM.ActiveCfg = Debug|Win32
		{FA77B8A1-5862-4E9D-8313-15D4442CFA8C}.Debug|x64.ActiveCfg = Debug|x64
		{FA77B8A1-5862-4E9D-8313-15D4442CFA8C}.Debug|x64.Build.0 = Debug|x64
		{FA77B8A1-5862-4E9D-8313-15D4442CFA8C}.Debug|x86.ActiveCfg = Debug|Win32
		{FA77B8A1-5862-4E9D-8313-15D4442CFA8C}.Debug|x86.Build.0 = Debug|Win32
		{FA77B8A1-5862-4E9D-8313-15D4442CFA8C}.DebugSW|Any CPU.ActiveCfg = DebugSW|Win32
		{FA77B8A1-5862-4E9D-8313-15D4442CFA8C}.DebugSW|ARM.ActiveCfg = DebugSW|Win32
		{FA77B8A1-5862-4E9D-8313-15D4442CFA8C}.DebugSW|x64.ActiveCfg = DebugSW|x64
		{FA77B8A1-5862-4E9D-8313-15D4442CFA8C}.DebugSW|x64.Build.0 = DebugSW|x64
		{FA77B8A1-5862-4E9D-8313-15D4442CFA8C}.DebugSW|x86.ActiveCfg = DebugSW|Win32
		{FA77B8A1-5862-4E9D-8313-15D4442CFA8C}.DebugSW|x86.Build.0 = DebugSW|Win32
		{FA77B8A1-5862-4E9D-8313-15D4442CFA8C}.Profile|Any CPU.ActiveCfg = ReleaseSW|x64
		{FA77B8A1-5862-4E9D-8313-15D4442CFA8C}.Profile|Any CPU.Build.0 = ReleaseSW|x64
		{FA77B8A1-5862-4E9D-8313-15D4442CFA8C}.Profile|ARM.ActiveCfg = ReleaseSW|x64
		{FA77B8A1-5862-4E9D-8313-15D4442CFA8C}.Profile|ARM.Build.0 = ReleaseSW|x64
		{FA77B8A1-5862-4E9D-8313-15D4442CFA8C}.Profile|x64.ActiveCfg = ReleaseSW|x64
		{FA77B8A1-5862-4E9D-8313-15D4442CFA8C}.Profile|x64.Build.0 = ReleaseSW|x64
		{FA77B8A1-5862-4E9D-8313-15D4442CFA8C}.Profile|x86.ActiveCfg = ReleaseSW|Win32
		{FA77B8A1-5862-4E9D-8313-15D4442CFA8C}.Profile|x86.Build.0 = ReleaseSW|Win32
		{FA77B8A1-5862-4E9D-8313-15D4442CFA8C}.Release|Any CPU.ActiveCfg = Release|Win32
		{FA77B8A1-5862-4E9D-8313-15D4442CFA8C}.Release|ARM.ActiveCfg = Release|Win32
		{FA77B8A1-5862-4E9D-8313-15D4442CFA8C}.Release|x64.ActiveCfg = Release|x64
		{FA77B8A1-5862-4E9D-8313-15D4442CFA8C}.Release|x64.Build.0 = Release|x64
		{FA77B8A1-5862-4E9D-8313-15D4442CFA8C}.Release|x86.ActiveCfg = Release|Win32
		{FA77B8A1-5862-4E9D-8313-15D4442CFA8C}.Release|x86.Build.0 = Release|Win32
		{FA77B8A1-5862-4E9D-8313-15D4442CFA8C}.ReleaseSW|Any CPU.ActiveCfg = ReleaseSW|Win32
		{FA77B8A1-5862-4E9D-8313-15D4442CFA8C}.ReleaseSW|ARM.ActiveCfg = ReleaseSW|Win32
		{FA77B8A1-5862-4E9D-8313-15D4442CFA8C}.ReleaseSW|x64.ActiveCfg = ReleaseSW|x64
		{FA77B8A1-5862-4E9D-8313-15D4442CFA8C}.ReleaseSW|x64.Build.0 = ReleaseSW|x64
		{FA77B8A1-5862-4E9D-8313-15D4442CFA8C}.ReleaseSW|x86.ActiveCfg = ReleaseSW|Win32
		{FA77B8A1-5862-4E9D-8313-15D4442CFA8C}.ReleaseSW|x86.Build.0 = ReleaseSW|Win32
		{A052426E-C428-4CDC-A50E-75D2410AC24F}.Debug|Any CPU.ActiveCfg = Debug|Win32
		{A052426E-C428-4CDC-A50E-75D2410AC24F}.Debug|ARM.ActiveCfg = Debug|Win32
		{A052426E-C428-4CDC-A50E-75D2410AC24F}.Debug|x64.ActiveCfg = Debug|x64
		{A052426E-C428-4CDC-A50E-75D2410AC24F}.Debug|x64.Build.0 = Debug|x64
		{A052426E-C428-4CDC-A50E-75D2410AC24F}.Debug|x86.ActiveCfg = Debug|Win32
		{A052426E-C428-4CDC-A50E-75D2410AC24F}.Debug|x86.Build.0 = Debug|Win32
		{A052426E-C428-4CDC-A50E-75D2410AC24F}.DebugSW|Any CPU.ActiveCfg = DebugSW|Win32
		{A052426E-C428-4CDC-A50E-75D2410AC24F}.DebugSW|ARM.ActiveCfg = DebugSW|Win32
		{A052426E-C428-4CDC-A50E-75D2410AC24F}.DebugSW|x64.ActiveCfg = DebugSW|x64
		{A052426E-C428-4CDC-A50E-75D2410AC24F}.DebugSW|x64.Build.0 = DebugSW|x64
		{A052426E-C428-4CDC-A50E-75D2410AC24F}.DebugSW|x86.ActiveCfg = DebugSW|Win32
		{A052426E-C428-4CDC-A50E-75D2410AC24F}.DebugSW|x86.Build.0 = DebugSW|Win32
		{A052426E-C428-4CDC-A50E-75D2410AC24F}.Profile|Any CPU.ActiveCfg = ReleaseSW|x64
		{A052426E-C428-4CDC-A50E-75D2410AC24F}.Profile|Any CPU.Build.0 = ReleaseSW|x64
		{A052426E-C428-4CDC-A50E-75D2410AC24F}.Profile|ARM.ActiveCfg = ReleaseSW|x64
		{A052426E-C428-4CDC-A50E-75D2410AC24F}.Profile|ARM.Build.0 = ReleaseSW|x64
		{A052426E-C428-4CDC-A50E-75D2410AC24F}.Profile|x64.ActiveCfg = ReleaseSW|x64
		{A052426E-C428-4CDC-A50E-75D2410AC24F}.Profile|x64.Build.0 = ReleaseSW|x64
		{A052426E-C428-4CDC-A50E-75D2410AC24F}.Profile|x86.ActiveCfg = ReleaseSW|Win32
		{A052426E-C428-4CDC-A50E-75D2410AC24F}.Profile|x86.Build.0 = ReleaseSW|Win32
		{A052426E-C428-4CDC-A50E-75D2410AC24F}.Release|Any CPU.ActiveCfg = Release|Win32
		{A052426E-C428-4CDC-A50E-75D2410AC24F}.Release|ARM.ActiveCfg = Release|Win32
		{A052426E-C428-4CDC-A50E-75D2410AC24F}.Release|x64.ActiveCfg = Release|x64
		{A052426E-C428-4CDC-A50E-75D2410AC24F}.Release|x64.Build.0 = Release|x64
		{A052426E-C428-4CDC-A50E-75D2410AC24F}.Release|x86.ActiveCfg = Release|Win32
		{A052426E-C428-4CDC-A50E-75D2410AC24F}.Release|x86.Build.0 = Release|Win32
		{A052426E-C428-4CDC-A50E-75D2410AC24F}.ReleaseSW|Any CPU.ActiveCfg = ReleaseSW|Win32
		{A052426E-C428-4CDC-A50E-75D2410AC24F}.ReleaseSW|ARM.ActiveCfg = ReleaseSW|Win32
		{A052426E-C428-4CDC-A50E-75D2410AC24F}.ReleaseSW|x64.ActiveCfg = ReleaseSW|x64
		{A052426E-C428-4CDC-A50E-75D2410AC24F}.ReleaseSW|x64.Build.0 = ReleaseSW|x64
		{A052426E-C428-4CDC-A50E-75D2410AC24F}.ReleaseSW|x86.ActiveCfg = ReleaseSW|Win32
		{A052426E-C428-4CDC-A50E-75D2410AC24F}.ReleaseSW|x86.Build.0 = ReleaseSW|Win32
		{89E9B32E-A86A-47C3-A948-D2B1622925CE}.Debug|Any CPU.ActiveCfg = Debug|Win32
		{89E9B32E-A86A-47C3-A948-D2B1622925CE}.Debug|ARM.ActiveCfg = Debug|ARM
		{89E9B32E-A86A-47C3-A948-D2B1622925CE}.Debug|ARM.Build.0 = Debug|ARM
		{89E9B32E-A86A-47C3-A948-D2B1622925CE}.Debug|x64.ActiveCfg = Debug|x64
		{89E9B32E-A86A-47C3-A948-D2B1622925CE}.Debug|x64.Build.0 = Debug|x64
		{89E9B32E-A86A-47C3-A948-D2B1622925CE}.Debug|x86.ActiveCfg = Debug|Win32
		{89E9B32E-A86A-47C3-A948-D2B1622925CE}.Debug|x86.Build.0 = Debug|Win32
		{89E9B32E-A86A-47C3-A948-D2B1622925CE}.DebugSW|Any CPU.ActiveCfg = DebugSW|Win32
		{89E9B32E-A86A-47C3-A948-D2B1622925CE}.DebugSW|ARM.ActiveCfg = DebugSW|ARM
		{89E9B32E-A86A-47C3-A948-D2B1622925CE}.DebugSW|ARM.Build.0 = DebugSW|ARM
		{89E9B32E-A86A-47C3-A948-D2B1622925CE}.DebugSW|x64.ActiveCfg = DebugSW|x64
		{89E9B32E-A86A-47C3-A948-D2B1622925CE}.DebugSW|x64.Build.0 = DebugSW|x64
		{89E9B32E-A86A-47C3-A948-D2B1622925CE}.DebugSW|x86.ActiveCfg = DebugSW|Win32
		{89E9B32E-A86A-47C3-A948-D2B1622925CE}.DebugSW|x86.Build.0 = DebugSW|Win32
		{89E9B32E-A86A-47C3-A948-D2B1622925CE}.Profile|Any CPU.ActiveCfg = ReleaseSW|x64
		{89E9B32E-A86A-47C3-A948-D2B1622925CE}.Profile|Any CPU.Build.0 = ReleaseSW|x64
		{89E9B32E-A86A-47C3-A948-D2B1622925CE}.Profile|ARM.ActiveCfg = ReleaseSW|ARM
		{89E9B32E-A86A-47C3-A948-D2B1622925CE}.Profile|ARM.Build.0 = ReleaseSW|ARM
		{89E9B32E-A86A-47C3-A948-D2B1622925CE}.Profile|x64.ActiveCfg = ReleaseSW|x64
		{89E9B32E-A86A-47C3-A948-D2B1622925CE}.Profile|x64.Build.0 = ReleaseSW|x64
		{89E9B32E-A86A-47C3-A948-D2B1622925CE}.Profile|x86.ActiveCfg = ReleaseSW|Win32
		{89E9B32E-A86A-47C3-A948-D2B1622925CE}.Profile|x86.Build.0 = ReleaseSW|Win32
		{89E9B32E-A86A-47C3-A948-D2B1622925CE}.Release|Any CPU.ActiveCfg = Release|Win32
		{89E9B32E-A86A-47C3-A948-D2B1622925CE}.Release|ARM.ActiveCfg = Release|ARM
		{89E9B32E-A86A-47C3-A948-D2B1622925CE}.Release|ARM.Build.0 = Release|ARM
		{89E9B32E-A86A-47C3-A948-D2B1622925CE}.Release|x64.ActiveCfg = Release|x64
		{89E9B32E-A86A-47C3-A948-D2B1622925CE}.Release|x64.Build.0 = Release|x64
		{89E9B32E-A86A-47C3-A948-D2B1622925CE}.Release|x86.ActiveCfg = Release|Win32
		{89E9B32E-A86A-47C3-A948-D2B1622925CE}.Release|x86.Build.0 = Release|Win32
		{89E9B32E-A86A-47C3-A948-D2B1622925CE}.ReleaseSW|Any CPU.ActiveCfg = ReleaseSW|Win32
		{89E9B32E-A86A-47C3-A948-D2B1622925CE}.ReleaseSW|ARM.ActiveCfg = ReleaseSW|ARM
		{89E9B32E-A86A-47C3-A948-D2B1622925CE}.ReleaseSW|ARM.Build.0 = ReleaseSW|ARM
		{89E9B32E-A86A-47C3-A948-D2B1622925CE}.ReleaseSW|x64.ActiveCfg = ReleaseSW|x64
		{89E9B32E-A86A-47C3-A948-D2B1622925CE}.ReleaseSW|x64.Build.0 = ReleaseSW|x64
		{89E9B32E-A86A-47C3-A948-D2B1622925CE}.ReleaseSW|x86.ActiveCfg = ReleaseSW|Win32
		{89E9B32E-A86A-47C3-A948-D2B1622925CE}.ReleaseSW|x86.Build.0 = ReleaseSW|Win32
		{3A833C7A-C776-4202-9DBD-BC879B23C605}.Debug|Any CPU.ActiveCfg = Debug|Win32
		{3A833C7A-C776-4202-9DBD-BC879B23C605}.Debug|ARM.ActiveCfg = Debug|ARM
		{3A833C7A-C776-4202-9DBD-BC879B23C605}.Debug|ARM.Build.0 = Debug|ARM
		{3A833C7A-C776-4202-9DBD-BC879B23C605}.Debug|x64.ActiveCfg = Debug|x64
		{3A833C7A-C776-4202-9DBD-BC879B23C605}.Debug|x64.Build.0 = Debug|x64
		{3A833C7A-C776-4202-9DBD-BC879B23C605}.Debug|x86.ActiveCfg = Debug|Win32
		{3A833C7A-C776-4202-9DBD-BC879B23C605}.Debug|x86.Build.0 = Debug|Win32
		{3A833C7A-C776-4202-9DBD-BC879B23C605}.DebugSW|Any CPU.ActiveCfg = DebugSW|Win32
		{3A833C7A-C776-4202-9DBD-BC879B23C605}.DebugSW|ARM.ActiveCfg = DebugSW|ARM
		{3A833C7A-C776-4202-9DBD-BC879B23C605}.DebugSW|ARM.Build.0 = DebugSW|ARM
		{3A833C7A-C776-4202-9DBD-BC879B23C605}.DebugSW|x64.ActiveCfg = DebugSW|x64
		{3A833C7A-C776-4202-9DBD-BC879B23C605}.DebugSW|x64.Build.0 = DebugSW|x64
		{3A833C7A-C776-4202-9DBD-BC879B23C605}.DebugSW|x86.ActiveCfg = DebugSW|Win32
		{3A833C7A-C776-4202-9DBD-BC879B23C605}.DebugSW|x86.Build.0 = DebugSW|Win32
		{3A833C7A-C776-4202-9DBD-BC879B23C605}.Profile|Any CPU.ActiveCfg = ReleaseSW|x64
		{3A833C7A-C776-4202-9DBD-BC879B23C605}.Profile|Any CPU.Build.0 = ReleaseSW|x64
		{3A833C7A-C776-4202-9DBD-BC879B23C605}.Profile|ARM.ActiveCfg = ReleaseSW|ARM
		{3A833C7A-C776-4202-9DBD-BC879B23C605}.Profile|ARM.Build.0 = ReleaseSW|ARM
		{3A833C7A-C776-4202-9DBD-BC879B23C605}.Profile|x64.ActiveCfg = ReleaseSW|x64
		{3A833C7A-C776-4202-9DBD-BC879B23C605}.Profile|x64.Build.0 = ReleaseSW|x64
		{3A833C7A-C776-4202-9DBD-BC879B23C605}.Profile|x86.ActiveCfg = ReleaseSW|Win32
		{3A833C7A-C776-4202-9DBD-BC879B23C605}.Profile|x86.Build.0 = ReleaseSW|Win32
		{3A833C7A-C776-4202-9DBD-BC879B23C605}.Release|Any CPU.ActiveCfg = Release|Win32
		{3A833C7A-C776-4202-9DBD-BC879B23C605}.Release|ARM.ActiveCfg = Release|ARM
		{3A833C7A-C776-4202-9DBD-BC879B23C605}.Release|ARM.Build.0 = Release|ARM
		{3A833C7A-C776-4202-9DBD-BC879B23C605}.Release|x64.ActiveCfg = Release|x64
		{3A833C7A-C776-4202-9DBD-BC879B23C605}.Release|x64.Build.0 = Release|x64
		{3A833C7A-C776-4202-9DBD-BC879B23C605}.Release|x86.ActiveCfg = Release|Win32
		{3A833C7A-C776-4202-9DBD-BC879B23C605}.Release|x86.Build.0 = Release|Win32
		{3A833C7A-C776-4202-9DBD-BC879B23C605}.ReleaseSW|Any CPU.ActiveCfg = ReleaseSW|Win32
		{3A833C7A-C776-4202-9DBD-BC879B23C605}.ReleaseSW|ARM.ActiveCfg = ReleaseSW|ARM
		{3A833C7A-C776-4202-9DBD-BC879B23C605}.ReleaseSW|ARM.Build.0 = ReleaseSW|ARM
		{3A833C7A-C776-4202-9DBD-BC879B23C605}.ReleaseSW|x64.ActiveCfg = ReleaseSW|x64
		{3A833C7A-C776-4202-9DBD-BC879B23C605}.ReleaseSW|x64.Build.0 = ReleaseSW|x64
		{3A833C7A-C776-4202-9DBD-BC879B23C605}.ReleaseSW|x86.ActiveCfg = ReleaseSW|Win32
		{3A833C7A-C776-4202-9DBD-BC879B23C605}.ReleaseSW|x86.Build.0 = ReleaseSW|Win32
		{6BC6349C-E355-4F1C-9290-FF755114A84B}.Debug|Any CPU.ActiveCfg = Debug|Win32
		{6BC6349C-E355-4F1C-9290-FF755114A84B}.Debug|ARM.ActiveCfg = Debug|ARM
		{6BC6349C-E355-4F1C-9290-FF755114A84B}.Debug|ARM.Build.0 = Debug|ARM
		{6BC6349C-E355-4F1C-9290-FF755114A84B}.Debug|x64.ActiveCfg = Debug|x64
		{6BC6349C-E355-4F1C-9290-FF755114A84B}.Debug|x64.Build.0 = Debug|x64
		{6BC6349C-E355-4F1C-9290-FF755114A84B}.Debug|x86.ActiveCfg = Debug|Win32
		{6BC6349C-E355-4F1C-9290-FF755114A84B}.Debug|x86.Build.0 = Debug|Win32
		{6BC6349C-E355-4F1C-9290-FF755114A84B}.DebugSW|Any CPU.ActiveCfg = DebugSW|Win32
		{6BC6349C-E355-4F1C-9290-FF755114A84B}.DebugSW|ARM.ActiveCfg = DebugSW|ARM
		{6BC6349C-E355-4F1C-9290-FF755114A84B}.DebugSW|ARM.Build.0 = DebugSW|ARM
		{6BC6349C-E355-4F1C-9290-FF755114A84B}.DebugSW|x64.ActiveCfg = DebugSW|x64
		{6BC6349C-E355-4F1C-9290-FF755114A84B}.DebugSW|x64.Build.0 = DebugSW|x64
		{6BC6349C-E355-4F1C-9290-FF755114A84B}.DebugSW|x86.ActiveCfg = DebugSW|Win32
		{6BC6349C-E355-4F1C-9290-FF755114A84B}.DebugSW|x86.Build.0 = DebugSW|Win32
		{6BC6349C-E355-4F1C-9290-FF755114A84B}.Profile|Any CPU.ActiveCfg = ReleaseSW|x64
		{6BC6349C-E355-4F1C-9290-FF755114A84B}.Profile|Any CPU.Build.0 = ReleaseSW|x64
		{6BC6349C-E355-4F1C-9290-FF755114A84B}.Profile|ARM.ActiveCfg = ReleaseSW|ARM
		{6BC6349C-E355-4F1C-9290-FF755114A84B}.Profile|ARM.Build.0 = ReleaseSW|ARM
		{6BC6349C-E355-4F1C-9290-FF755114A84B}.Profile|x64.ActiveCfg = ReleaseSW|x64
		{6BC6349C-E355-4F1C-9290-FF755114A84B}.Profile|x64.Build.0 = ReleaseSW|x64
		{6BC6349C-E355-4F1C-9290-FF755114A84B}.Profile|x86.ActiveCfg = ReleaseSW|Win32
		{6BC6349C-E355-4F1C-9290-FF755114A84B}.Profile|x86.Build.0 = ReleaseSW|Win32
		{6BC6349C-E355-4F1C-9290-FF755114A84B}.Release|Any CPU.ActiveCfg = Release|Win32
		{6BC6349C-E355-4F1C-9290-FF755114A84B}.Release|ARM.ActiveCfg = Release|ARM
		{6BC6349C-E355-4F1C-9290-FF755114A84B}.Release|ARM.Build.0 = Release|ARM
		{6BC6349C-E355-4F1C-9290-FF755114A84B}.Release|x64.ActiveCfg = Release|x64
		{6BC6349C-E355-4F1C-9290-FF755114A84B}.Release|x64.Build.0 = Release|x64
		{6BC6349C-E355-4F1C-9290-FF755114A84B}.Release|x86.ActiveCfg = Release|Win32
		{6BC6349C-E355-4F1C-9290-FF755114A84B}.Release|x86.Build.0 = Release|Win32
		{6BC6349C-E355-4F1C-9290-FF755114A84B}.ReleaseSW|Any CPU.ActiveCfg = ReleaseSW|Win32
		{6BC6349C-E355-4F1C-9290-FF755114A84B}.ReleaseSW|ARM.ActiveCfg = ReleaseSW|ARM
		{6BC6349C-E355-4F1C-9290-FF755114A84B}.ReleaseSW|ARM.Build.0 = ReleaseSW|ARM
		{6BC6349C-E355-4F1C-9290-FF755114A84B}.ReleaseSW|x64.ActiveCfg = ReleaseSW|x64
		{6BC6349C-E355-4F1C-9290-FF755114A84B}.ReleaseSW|x64.Build.0 = ReleaseSW|x64
		{6BC6349C-E355-4F1C-9290-FF755114A84B}.ReleaseSW|x86.ActiveCfg = ReleaseSW|Win32
		{6BC6349C-E355-4F1C-9290-FF755114A84B}.ReleaseSW|x86.Build.0 = ReleaseSW|Win32
		{E3AB27F1-EB89-4C65-85DF-CB6A4F805753}.Debug|Any CPU.ActiveCfg = Debug|Win32
		{E3AB27F1-EB89-4C65-85DF-CB6A4F805753}.Debug|ARM.ActiveCfg = Debug|ARM
		{E3AB27F1-EB89-4C65-85DF-CB6A4F805753}.Debug|ARM.Build.0 = Debug|ARM
		{E3AB27F1-EB89-4C65-85DF-CB6A4F805753}.Debug|x64.ActiveCfg = Debug|x64
		{E3AB27F1-EB89-4C65-85DF-CB6A4F805753}.Debug|x64.Build.0 = Debug|x64
		{E3AB27F1-EB89-4C65-85DF-CB6A4F805753}.Debug|x86.ActiveCfg = Debug|Win32
		{E3AB27F1-EB89-4C65-85DF-CB6A4F805753}.Debug|x86.Build.0 = Debug|Win32
		{E3AB27F1-EB89-4C65-85DF-CB6A4F805753}.DebugSW|Any CPU.ActiveCfg = DebugSW|Win32
		{E3AB27F1-EB89-4C65-85DF-CB6A4F805753}.DebugSW|ARM.ActiveCfg = DebugSW|ARM
		{E3AB27F1-EB89-4C65-85DF-CB6A4F805753}.DebugSW|ARM.Build.0 = DebugSW|ARM
		{E3AB27F1-EB89-4C65-85DF-CB6A4F805753}.DebugSW|x64.ActiveCfg = DebugSW|x64
		{E3AB27F1-EB89-4C65-85DF-CB6A4F805753}.DebugSW|x64.Build.0 = DebugSW|x64
		{E3AB27F1-EB89-4C65-85DF-CB6A4F805753}.DebugSW|x86.ActiveCfg = DebugSW|Win32
		{E3AB27F1-EB89-4C65-85DF-CB6A4F805753}.DebugSW|x86.Build.0 = DebugSW|Win32
		{E3AB27F1-EB89-4C65-85DF-CB6A4F805753}.Profile|Any CPU.ActiveCfg = ReleaseSW|x64
		{E3AB27F1-EB89-4C65-85DF-CB6A4F805753}.Profile|Any CPU.Build.0 = ReleaseSW|x64
		{E3AB27F1-EB89-4C65-85DF-CB6A4F805753}.Profile|ARM.ActiveCfg = ReleaseSW|ARM
		{E3AB27F1-EB89-4C65-85DF-CB6A4F805753}.Profile|ARM.Build.0 = ReleaseSW|ARM
		{E3AB27F1-EB89-4C65-85DF-CB6A4F805753}.Profile|x64.ActiveCfg = ReleaseSW|x64
		{E3AB27F1-EB89-4C65-85DF-CB6A4F805753}.Profile|x64.Build.0 = ReleaseSW|x64
		{E3AB27F1-EB89-4C65-85DF-CB6A4F805753}.Profile|x86.ActiveCfg = ReleaseSW|Win32
		{E3AB27F1-EB89-4C65-85DF-CB6A4F805753}.Profile|x86.Build.0 = ReleaseSW|Win32
		{E3AB27F1-EB89-4C65-85DF-CB6A4F805753}.Release|Any CPU.ActiveCfg = Release|Win32
		{E3AB27F1-EB89-4C65-85DF-CB6A4F805753}.Release|ARM.ActiveCfg = Release|ARM
		{E3AB27F1-EB89-4C65-85DF-CB6A4F805753}.Release|ARM.Build.0 = Release|ARM
		{E3AB27F1-EB89-4C65-85DF-CB6A4F805753}.Release|x64.ActiveCfg = Release|x64
		{E3AB27F1-EB89-4C65-85DF-CB6A4F805753}.Release|x64.Build.0 = Release|x64
		{E3AB27F1-EB89-4C65-85DF-CB6A4F805753}.Release|x86.ActiveCfg = Release|Win32
		{E3AB27F1-EB89-4C65-85DF-CB6A4F805753}.Release|x86.Build.0 = Release|Win32
		{E3AB27F1-EB89-4C65-85DF-CB6A4F805753}.ReleaseSW|Any CPU.ActiveCfg = ReleaseSW|Win32
		{E3AB27F1-EB89-4C65-85DF-CB6A4F805753}.ReleaseSW|ARM.ActiveCfg = ReleaseSW|ARM
		{E3AB27F1-EB89-4C65-85DF-CB6A4F805753}.ReleaseSW|ARM.Build.0 = ReleaseSW|ARM
		{E3AB27F1-EB89-4C65-85DF-CB6A4F805753}.ReleaseSW|x64.ActiveCfg = ReleaseSW|x64
		{E3AB27F1-EB89-4C65-85DF-CB6A4F805753}.ReleaseSW|x64.Build.0 = ReleaseSW|x64
		{E3AB27F1-EB89-4C65-85DF-CB6A4F805753}.ReleaseSW|x86.ActiveCfg = ReleaseSW|Win32
		{E3AB27F1-EB89-4C65-85DF-CB6A4F805753}.ReleaseSW|x86.Build.0 = ReleaseSW|Win32
		{936B2819-2364-45D9-901D-52878914FAFA}.Debug|Any CPU.ActiveCfg = Debug|Win32
		{936B2819-2364-45D9-901D-52878914FAFA}.Debug|ARM.ActiveCfg = Debug|ARM
		{936B2819-2364-45D9-901D-52878914FAFA}.Debug|ARM.Build.0 = Debug|ARM
		{936B2819-2364-45D9-901D-52878914FAFA}.Debug|x64.ActiveCfg = Debug|x64
		{936B2819-2364-45D9-901D-52878914FAFA}.Debug|x64.Build.0 = Debug|x64
		{936B2819-2364-45D9-901D-52878914FAFA}.Debug|x86.ActiveCfg = Debug|Win32
		{936B2819-2364-45D9-901D-52878914FAFA}.Debug|x86.Build.0 = Debug|Win32
		{936B2819-2364-45D9-901D-52878914FAFA}.DebugSW|Any CPU.ActiveCfg = DebugSW|Win32
		{936B2819-2364-45D9-901D-52878914FAFA}.DebugSW|ARM.ActiveCfg = DebugSW|ARM
		{936B2819-2364-45D9-901D-52878914FAFA}.DebugSW|ARM.Build.0 = DebugSW|ARM
		{936B2819-2364-45D9-901D-52878914FAFA}.DebugSW|x64.ActiveCfg = DebugSW|x64
		{936B2819-2364-45D9-901D-52878914FAFA}.DebugSW|x64.Build.0 = DebugSW|x64
		{936B2819-2364-45D9-901D-52878914FAFA}.DebugSW|x86.ActiveCfg = DebugSW|Win32
		{936B2819-2364-45D9-901D-52878914FAFA}.DebugSW|x86.Build.0 = DebugSW|Win32
		{936B2819-2364-45D9-901D-52878914FAFA}.Profile|Any CPU.ActiveCfg = ReleaseSW|x64
		{936B2819-2364-45D9-901D-52878914FAFA}.Profile|Any CPU.Build.0 = ReleaseSW|x64
		{936B2819-2364-45D9-901D-52878914FAFA}.Profile|ARM.ActiveCfg = ReleaseSW|ARM
		{936B2819-2364-45D9-901D-52878914FAFA}.Profile|ARM.Build.0 = ReleaseSW|ARM
		{936B2819-2364-45D9-901D-52878914FAFA}.Profile|x64.ActiveCfg = ReleaseSW|x64
		{936B2819-2364-45D9-901D-52878914FAFA}.Profile|x64.Build.0 = ReleaseSW|x64
		{936B2819-2364-45D9-901D-52878914FAFA}.Profile|x86.ActiveCfg = ReleaseSW|Win32
		{936B2819-2364-45D9-901D-52878914FAFA}.Profile|x86.Build.0 = ReleaseSW|Win32
		{936B2819-2364-45D9-901D-52878914FAFA}.Release|Any CPU.ActiveCfg = Release|Win32
		{936B2819-2364-45D9-901D-52878914FAFA}.Release|ARM.ActiveCfg = Release|ARM
		{936B2819-2364-45D9-901D-52878914FAFA}.Release|ARM.Build.0 = Release|ARM
		{936B2819-2364-45D9-901D-52878914FAFA}.Release|x64.ActiveCfg = Release|x64
		{936B2819-2364-45D9-901D-52878914FAFA}.Release|x64.Build.0 = Release|x64
		{936B2819-2364-45D9-901D-52878914FAFA}.Release|x86.ActiveCfg = Release|Win32
		{936B2819-2364-45D9-901D-52878914FAFA}.Release|x86.Build.0 = Release|Win32
		{936B2819-2364-45D9-901D-52878914FAFA}.ReleaseSW|Any CPU.ActiveCfg = ReleaseSW|Win32
		{936B2819-2364-45D9-901D-52878914FAFA}.ReleaseSW|ARM.ActiveCfg = ReleaseSW|ARM
		{936B2819-2364-45D9-901D-52878914FAFA}.ReleaseSW|ARM.Build.0 = ReleaseSW|ARM
		{936B2819-2364-45D9-901D-52878914FAFA}.ReleaseSW|x64.ActiveCfg = ReleaseSW|x64
		{936B2819-2364-45D9-901D-52878914FAFA}.ReleaseSW|x64.Build.0 = ReleaseSW|x64
		{936B2819-2364-45D9-901D-52878914FAFA}.ReleaseSW|x86.ActiveCfg = ReleaseSW|Win32
		{936B2819-2364-45D9-901D-52878914FAFA}.ReleaseSW|x86.Build.0 = ReleaseSW|Win32
		{DB17C673-2F38-48C3-9175-7EB05EAE3FE0}.Debug|Any CPU.ActiveCfg = Debug|Win32
		{DB17C673-2F38-48C3-9175-7EB05EAE3FE0}.Debug|ARM.ActiveCfg = Debug|Win32
		{DB17C673-2F38-48C3-9175-7EB05EAE3FE0}.Debug|x64.ActiveCfg = Debug|x64
		{DB17C673-2F38-48C3-9175-7EB05EAE3FE0}.Debug|x64.Build.0 = Debug|x64
		{DB17C673-2F38-48C3-9175-7EB05EAE3FE0}.Debug|x86.ActiveCfg = Debug|Win32
		{DB17C673-2F38-48C3-9175-7EB05EAE3FE0}.Debug|x86.Build.0 = Debug|Win32
		{DB17C673-2F38-48C3-9175-7EB05EAE3FE0}.DebugSW|Any CPU.ActiveCfg = Release|x64
		{DB17C673-2F38-48C3-9175-7EB05EAE3FE0}.DebugSW|Any CPU.Build.0 = Release|x64
		{DB17C673-2F38-48C3-9175-7EB05EAE3FE0}.DebugSW|ARM.ActiveCfg = Release|x64
		{DB17C673-2F38-48C3-9175-7EB05EAE3FE0}.DebugSW|ARM.Build.0 = Release|x64
		{DB17C673-2F38-48C3-9175-7EB05EAE3FE0}.DebugSW|x64.ActiveCfg = Debug|x64
		{DB17C673-2F38-48C3-9175-7EB05EAE3FE0}.DebugSW|x64.Build.0 = Debug|x64
		{DB17C673-2F38-48C3-9175-7EB05EAE3FE0}.DebugSW|x86.ActiveCfg = Debug|Win32
		{DB17C673-2F38-48C3-9175-7EB05EAE3FE0}.DebugSW|x86.Build.0 = Debug|Win32
		{DB17C673-2F38-48C3-9175-7EB05EAE3FE0}.Profile|Any CPU.ActiveCfg = Release|Win32
		{DB17C673-2F38-48C3-9175-7EB05EAE3FE0}.Profile|Any CPU.Build.0 = Release|Win32
		{DB17C673-2F38-48C3-9175-7EB05EAE3FE0}.Profile|ARM.ActiveCfg = Release|Win32
		{DB17C673-2F38-48C3-9175-7EB05EAE3FE0}.Profile|ARM.Build.0 = Release|Win32
		{DB17C673-2F38-48C3-9175-7EB05EAE3FE0}.Profile|x64.ActiveCfg = Release|x64
		{DB17C673-2F38-48C3-9175-7EB05EAE3FE0}.Profile|x64.Build.0 = Release|x64
		{DB17C673-2F38-48C3-9175-7EB05EAE3FE0}.Profile|x86.ActiveCfg = Release|Win32
		{DB17C673-2F38-48C3-9175-7EB05EAE3FE0}.Profile|x86.Build.0 = Release|Win32
		{DB17C673-2F38-48C3-9175-7EB05EAE3FE0}.Release|Any CPU.ActiveCfg = Release|Win32
		{DB17C673-2F38-48C3-9175-7EB05EAE3FE0}.Release|ARM.ActiveCfg = Release|Win32
		{DB17C673-2F38-48C3-9175-7EB05EAE3FE0}.Release|x64.ActiveCfg = Release|x64
		{DB17C673-2F38-48C3-9175-7EB05EAE3FE0}.Release|x64.Build.0 = Release|x64
		{DB17C673-2F38-48C3-9175-7EB05EAE3FE0}.Release|x86.ActiveCfg = Release|Win32
		{DB17C673-2F38-48C3-9175-7EB05EAE3FE0}.Release|x86.Build.0 = Release|Win32
		{DB17C673-2F38-48C3-9175-7EB05EAE3FE0}.ReleaseSW|Any CPU.ActiveCfg = Release|x64
		{DB17C673-2F38-48C3-9175-7EB05EAE3FE0}.ReleaseSW|Any CPU.Build.0 = Release|x64
		{DB17C673-2F38-48C3-9175-7EB05EAE3FE0}.ReleaseSW|ARM.ActiveCfg = Release|x64
		{DB17C673-2F38-48C3-9175-7EB05EAE3FE0}.ReleaseSW|ARM.Build.0 = Release|x64
		{DB17C673-2F38-48C3-9175-7EB05EAE3FE0}.ReleaseSW|x64.ActiveCfg = Release|x64
		{DB17C673-2F38-48C3-9175-7EB05EAE3FE0}.ReleaseSW|x64.Build.0 = Release|x64
		{DB17C673-2F38-48C3-9175-7EB05EAE3FE0}.ReleaseSW|x86.ActiveCfg = Release|Win32
		{DB17C673-2F38-48C3-9175-7EB05EAE3FE0}.ReleaseSW|x86.Build.0 = Release|Win32
		{CFC011FA-728E-45E2-9664-C17BC2A30FB5}.Debug|Any CPU.ActiveCfg = Debug|Win32
		{CFC011FA-728E-45E2-9664-C17BC2A30FB5}.Debug|ARM.ActiveCfg = Debug|Win32
		{CFC011FA-728E-45E2-9664-C17BC2A30FB5}.Debug|x64.ActiveCfg = Debug|x64
		{CFC011FA-728E-45E2-9664-C17BC2A30FB5}.Debug|x64.Build.0 = Debug|x64
		{CFC011FA-728E-45E2-9664-C17BC2A30FB5}.Debug|x86.ActiveCfg = Debug|Win32
		{CFC011FA-728E-45E2-9664-C17BC2A30FB5}.Debug|x86.Build.0 = Debug|Win32
		{CFC011FA-728E-45E2-9664-C17BC2A30FB5}.DebugSW|Any CPU.ActiveCfg = Release|x64
		{CFC011FA-728E-45E2-9664-C17BC2A30FB5}.DebugSW|Any CPU.Build.0 = Release|x64
		{CFC011FA-728E-45E2-9664-C17BC2A30FB5}.DebugSW|ARM.ActiveCfg = Release|x64
		{CFC011FA-728E-45E2-9664-C17BC2A30FB5}.DebugSW|ARM.Build.0 = Release|x64
		{CFC011FA-728E-45E2-9664-C17BC2A30FB5}.DebugSW|x64.ActiveCfg = Debug|x64
		{CFC011FA-728E-45E2-9664-C17BC2A30FB5}.DebugSW|x64.Build.0 = Debug|x64
		{CFC011FA-728E-45E2-9664-C17BC2A30FB5}.DebugSW|x86.ActiveCfg = Debug|Win32
		{CFC011FA-728E-45E2-9664-C17BC2A30FB5}.DebugSW|x86.Build.0 = Debug|Win32
		{CFC011FA-728E-45E2-9664-C17BC2A30FB5}.Profile|Any CPU.ActiveCfg = Release|x64
		{CFC011FA-728E-45E2-9664-C17BC2A30FB5}.Profile|Any CPU.Build.0 = Release|x64
		{CFC011FA-728E-45E2-9664-C17BC2A30FB5}.Profile|ARM.ActiveCfg = Release|x64
		{CFC011FA-728E-45E2-9664-C17BC2A30FB5}.Profile|ARM.Build.0 = Release|x64
		{CFC011FA-728E-45E2-9664-C17BC2A30FB5}.Profile|x64.ActiveCfg = Release|x64
		{CFC011FA-728E-45E2-9664-C17BC2A30FB5}.Profile|x64.Build.0 = Release|x64
		{CFC011FA-728E-45E2-9664-C17BC2A30FB5}.Profile|x86.ActiveCfg = Release|Win32
		{CFC011FA-728E-45E2-9664-C17BC2A30FB5}.Profile|x86.Build.0 = Release|Win32
		{CFC011FA-728E-45E2-9664-C17BC2A30FB5}.Release|Any CPU.ActiveCfg = Release|Win32
		{CFC011FA-728E-45E2-9664-C17BC2A30FB5}.Release|ARM.ActiveCfg = Release|Win32
		{CFC011FA-728E-45E2-9664-C17BC2A30FB5}.Release|x64.ActiveCfg = Release|x64
		{CFC011FA-728E-45E2-9664-C17BC2A30FB5}.Release|x64.Build.0 = Release|x64
		{CFC011FA-728E-45E2-9664-C17BC2A30FB5}.Release|x86.ActiveCfg = Release|Win32
		{CFC011FA-728E-45E2-9664-C17BC2A30FB5}.Release|x86.Build.0 = Release|Win32
		{CFC011FA-728E-45E2-9664-C17BC2A30FB5}.ReleaseSW|Any CPU.ActiveCfg = Release|x64
		{CFC011FA-728E-45E2-9664-C17BC2A30FB5}.ReleaseSW|Any CPU.Build.0 = Release|x64
		{CFC011FA-728E-45E2-9664-C17BC2A30FB5}.ReleaseSW|ARM.ActiveCfg = Release|x64
		{CFC011FA-728E-45E2-9664-C17BC2A30FB5}.ReleaseSW|ARM.Build.0 = Release|x64
		{CFC011FA-728E-45E2-9664-C17BC2A30FB5}.ReleaseSW|x64.ActiveCfg = Release|x64
		{CFC011FA-728E-45E2-9664-C17BC2A30FB5}.ReleaseSW|x64.Build.0 = Release|x64
		{CFC011FA-728E-45E2-9664-C17BC2A30FB5}.ReleaseSW|x86.ActiveCfg = Release|Win32
		{CFC011FA-728E-45E2-9664-C17BC2A30FB5}.ReleaseSW|x86.Build.0 = Release|Win32
		{C98D1AE0-E266-4F69-91E1-685BA877E064}.Debug|Any CPU.ActiveCfg = Debug|Win32
		{C98D1AE0-E266-4F69-91E1-685BA877E064}.Debug|ARM.ActiveCfg = Debug|Win32
		{C98D1AE0-E266-4F69-91E1-685BA877E064}.Debug|x64.ActiveCfg = Debug|x64
		{C98D1AE0-E266-4F69-91E1-685BA877E064}.Debug|x64.Build.0 = Debug|x64
		{C98D1AE0-E266-4F69-91E1-685BA877E064}.Debug|x86.ActiveCfg = Debug|Win32
		{C98D1AE0-E266-4F69-91E1-685BA877E064}.Debug|x86.Build.0 = Debug|Win32
		{C98D1AE0-E266-4F69-91E1-685BA877E064}.DebugSW|Any CPU.ActiveCfg = Release|x64
		{C98D1AE0-E266-4F69-91E1-685BA877E064}.DebugSW|Any CPU.Build.0 = Release|x64
		{C98D1AE0-E266-4F69-91E1-685BA877E064}.DebugSW|ARM.ActiveCfg = Release|x64
		{C98D1AE0-E266-4F69-91E1-685BA877E064}.DebugSW|ARM.Build.0 = Release|x64
		{C98D1AE0-E266-4F69-91E1-685BA877E064}.DebugSW|x64.ActiveCfg = DebugSW|x64
		{C98D1AE0-E266-4F69-91E1-685BA877E064}.DebugSW|x64.Build.0 = DebugSW|x64
		{C98D1AE0-E266-4F69-91E1-685BA877E064}.DebugSW|x86.ActiveCfg = Debug|Win32
		{C98D1AE0-E266-4F69-91E1-685BA877E064}.DebugSW|x86.Build.0 = Debug|Win32
		{C98D1AE0-E266-4F69-91E1-685BA877E064}.Profile|Any CPU.ActiveCfg = Release|x64
		{C98D1AE0-E266-4F69-91E1-685BA877E064}.Profile|Any CPU.Build.0 = Release|x64
		{C98D1AE0-E266-4F69-91E1-685BA877E064}.Profile|ARM.ActiveCfg = Release|x64
		{C98D1AE0-E266-4F69-91E1-685BA877E064}.Profile|ARM.Build.0 = Release|x64
		{C98D1AE0-E266-4F69-91E1-685BA877E064}.Profile|x64.ActiveCfg = Release|x64
		{C98D1AE0-E266-4F69-91E1-685BA877E064}.Profile|x64.Build.0 = Release|x64
		{C98D1AE0-E266-4F69-91E1-685BA877E064}.Profile|x86.ActiveCfg = Release|Win32
		{C98D1AE0-E266-4F69-91E1-685BA877E064}.Profile|x86.Build.0 = Release|Win32
		{C98D1AE0-E266-4F69-91E1-685BA877E064}.Release|Any CPU.ActiveCfg = Release|Win32
		{C98D1AE0-E266-4F69-91E1-685BA877E064}.Release|ARM.ActiveCfg = Release|Win32
		{C98D1AE0-E266-4F69-91E1-685BA877E064}.Release|x64.ActiveCfg = Release|x64
		{C98D1AE0-E266-4F69-91E1-685BA877E064}.Release|x64.Build.0 = Release|x64
		{C98D1AE0-E266-4F69-91E1-685BA877E064}.Release|x86.ActiveCfg = Release|Win32
		{C98D1AE0-E266-4F69-91E1-685BA877E064}.Release|x86.Build.0 = Release|Win32
		{C98D1AE0-E266-4F69-91E1-685BA877E064}.ReleaseSW|Any CPU.ActiveCfg = Release|x64
		{C98D1AE0-E266-4F69-91E1-685BA877E064}.ReleaseSW|Any CPU.Build.0 = Release|x64
		{C98D1AE0-E266-4F69-91E1-685BA877E064}.ReleaseSW|ARM.ActiveCfg = Release|x64
		{C98D1AE0-E266-4F69-91E1-685BA877E064}.ReleaseSW|ARM.Build.0 = Release|x64
		{C98D1AE0-E266-4F69-91E1-685BA877E064}.ReleaseSW|x64.ActiveCfg = ReleaseSW|x64
		{C98D1AE0-E266-4F69-91E1-685BA877E064}.ReleaseSW|x64.Build.0 = ReleaseSW|x64
		{C98D1AE0-E266-4F69-91E1-685BA877E064}.ReleaseSW|x86.ActiveCfg = Release|Win32
		{C98D1AE0-E266-4F69-91E1-685BA877E064}.ReleaseSW|x86.Build.0 = Release|Win32
		{FE8F679F-3116-4AE8-ADCA-6DC9F21C8B74}.Debug|Any CPU.ActiveCfg = Debug|Win32
		{FE8F679F-3116-4AE8-ADCA-6DC9F21C8B74}.Debug|ARM.ActiveCfg = Debug|Win32
		{FE8F679F-3116-4AE8-ADCA-6DC9F21C8B74}.Debug|x64.ActiveCfg = Debug|x64
		{FE8F679F-3116-4AE8-ADCA-6DC9F21C8B74}.Debug|x64.Build.0 = Debug|x64
		{FE8F679F-3116-4AE8-ADCA-6DC9F21C8B74}.Debug|x86.ActiveCfg = Debug|Win32
		{FE8F679F-3116-4AE8-ADCA-6DC9F21C8B74}.Debug|x86.Build.0 = Debug|Win32
		{FE8F679F-3116-4AE8-ADCA-6DC9F21C8B74}.DebugSW|Any CPU.ActiveCfg = Release|x64
		{FE8F679F-3116-4AE8-ADCA-6DC9F21C8B74}.DebugSW|Any CPU.Build.0 = Release|x64
		{FE8F679F-3116-4AE8-ADCA-6DC9F21C8B74}.DebugSW|ARM.ActiveCfg = Release|x64
		{FE8F679F-3116-4AE8-ADCA-6DC9F21C8B74}.DebugSW|ARM.Build.0 = Release|x64
		{FE8F679F-3116-4AE8-ADCA-6DC9F21C8B74}.DebugSW|x64.ActiveCfg = Debug|x64
		{FE8F679F-3116-4AE8-ADCA-6DC9F21C8B74}.DebugSW|x64.Build.0 = Debug|x64
		{FE8F679F-3116-4AE8-ADCA-6DC9F21C8B74}.DebugSW|x86.ActiveCfg = Debug|Win32
		{FE8F679F-3116-4AE8-ADCA-6DC9F21C8B74}.DebugSW|x86.Build.0 = Debug|Win32
		{FE8F679F-3116-4AE8-ADCA-6DC9F21C8B74}.Profile|Any CPU.ActiveCfg = Release|x64
		{FE8F679F-3116-4AE8-ADCA-6DC9F21C8B74}.Profile|Any CPU.Build.0 = Release|x64
		{FE8F679F-3116-4AE8-ADCA-6DC9F21C8B74}.Profile|ARM.ActiveCfg = Release|x64
		{FE8F679F-3116-4AE8-ADCA-6DC9F21C8B74}.Profile|ARM.Build.0 = Release|x64
		{FE8F679F-3116-4AE8-ADCA-6DC9F21C8B74}.Profile|x64.ActiveCfg = Release|x64
		{FE8F679F-3116-4AE8-ADCA-6DC9F21C8B74}.Profile|x64.Build.0 = Release|x64
		{FE8F679F-3116-4AE8-ADCA-6DC9F21C8B74}.Profile|x86.ActiveCfg = Release|Win32
		{FE8F679F-3116-4AE8-ADCA-6DC9F21C8B74}.Profile|x86.Build.0 = Release|Win32
		{FE8F679F-3116-4AE8-ADCA-6DC9F21C8B74}.Release|Any CPU.ActiveCfg = Release|Win32
		{FE8F679F-3116-4AE8-ADCA-6DC9F21C8B74}.Release|ARM.ActiveCfg = Release|Win32
		{FE8F679F-3116-4AE8-ADCA-6DC9F21C8B74}.Release|x64.ActiveCfg = Release|x64
		{FE8F679F-3116-4AE8-ADCA-6DC9F21C8B74}.Release|x64.Build.0 = Release|x64
		{FE8F679F-3116-4AE8-ADCA-6DC9F21C8B74}.Release|x86.ActiveCfg = Release|Win32
		{FE8F679F-3116-4AE8-ADCA-6DC9F21C8B74}.Release|x86.Build.0 = Release|Win32
		{FE8F679F-3116-4AE8-ADCA-6DC9F21C8B74}.ReleaseSW|Any CPU.ActiveCfg = Release|x64
		{FE8F679F-3116-4AE8-ADCA-6DC9F21C8B74}.ReleaseSW|Any CPU.Build.0 = Release|x64
		{FE8F679F-3116-4AE8-ADCA-6DC9F21C8B74}.ReleaseSW|ARM.ActiveCfg = Release|x64
		{FE8F679F-3116-4AE8-ADCA-6DC9F21C8B74}.ReleaseSW|ARM.Build.0 = Release|x64
		{FE8F679F-3116-4AE8-ADCA-6DC9F21C8B74}.ReleaseSW|x64.ActiveCfg = Release|x64
		{FE8F679F-3116-4AE8-ADCA-6DC9F21C8B74}.ReleaseSW|x64.Build.0 = Release|x64
		{FE8F679F-3116-4AE8-ADCA-6DC9F21C8B74}.ReleaseSW|x86.ActiveCfg = Release|Win32
		{FE8F679F-3116-4AE8-ADCA-6DC9F21C8B74}.ReleaseSW|x86.Build.0 = Release|Win32
		{311EBA11-7E55-4354-B5EF-A54CBA872823}.Debug|Any CPU.ActiveCfg = Debug|Win32
		{311EBA11-7E55-4354-B5EF-A54CBA872823}.Debug|ARM.ActiveCfg = Debug|ARM
		{311EBA11-7E55-4354-B5EF-A54CBA872823}.Debug|ARM.Build.0 = Debug|ARM
		{311EBA11-7E55-4354-B5EF-A54CBA872823}.Debug|x64.ActiveCfg = Debug|x64
		{311EBA11-7E55-4354-B5EF-A54CBA872823}.Debug|x64.Build.0 = Debug|x64
		{311EBA11-7E55-4354-B5EF-A54CBA872823}.Debug|x86.ActiveCfg = Debug|Win32
		{311EBA11-7E55-4354-B5EF-A54CBA872823}.Debug|x86.Build.0 = Debug|Win32
		{311EBA11-7E55-4354-B5EF-A54CBA872823}.DebugSW|Any CPU.ActiveCfg = Release|x64
		{311EBA11-7E55-4354-B5EF-A54CBA872823}.DebugSW|Any CPU.Build.0 = Release|x64
		{311EBA11-7E55-4354-B5EF-A54CBA872823}.DebugSW|ARM.ActiveCfg = Debug|ARM
		{311EBA11-7E55-4354-B5EF-A54CBA872823}.DebugSW|ARM.Build.0 = Debug|ARM
		{311EBA11-7E55-4354-B5EF-A54CBA872823}.DebugSW|x64.ActiveCfg = Debug|x64
		{311EBA11-7E55-4354-B5EF-A54CBA872823}.DebugSW|x64.Build.0 = Debug|x64
		{311EBA11-7E55-4354-B5EF-A54CBA872823}.DebugSW|x86.ActiveCfg = Debug|Win32
		{311EBA11-7E55-4354-B5EF-A54CBA872823}.DebugSW|x86.Build.0 = Debug|Win32
		{311EBA11-7E55-4354-B5EF-A54CBA872823}.Profile|Any CPU.ActiveCfg = Release|x64
		{311EBA11-7E55-4354-B5EF-A54CBA872823}.Profile|Any CPU.Build.0 = Release|x64
		{311EBA11-7E55-4354-B5EF-A54CBA872823}.Profile|ARM.ActiveCfg = Release|ARM
		{311EBA11-7E55-4354-B5EF-A54CBA872823}.Profile|ARM.Build.0 = Release|ARM
		{311EBA11-7E55-4354-B5EF-A54CBA872823}.Profile|x64.ActiveCfg = Release|x64
		{311EBA11-7E55-4354-B5EF-A54CBA872823}.Profile|x64.Build.0 = Release|x64
		{311EBA11-7E55-4354-B5EF-A54CBA872823}.Profile|x86.ActiveCfg = Release|Win32
		{311EBA11-7E55-4354-B5EF-A54CBA872823}.Profile|x86.Build.0 = Release|Win32
		{311EBA11-7E55-4354-B5EF-A54CBA872823}.Release|Any CPU.ActiveCfg = Release|Win32
		{311EBA11-7E55-4354-B5EF-A54CBA872823}.Release|ARM.ActiveCfg = Release|ARM
		{311EBA11-7E55-4354-B5EF-A54CBA872823}.Release|ARM.Build.0 = Release|ARM
		{311EBA11-7E55-4354-B5EF-A54CBA872823}.Release|x64.ActiveCfg = Release|x64
		{311EBA11-7E55-4354-B5EF-A54CBA872823}.Release|x64.Build.0 = Release|x64
		{311EBA11-7E55-4354-B5EF-A54CBA872823}.Release|x86.ActiveCfg = Release|Win32
		{311EBA11-7E55-4354-B5EF-A54CBA872823}.Release|x86.Build.0 = Release|Win32
		{311EBA11-7E55-4354-B5EF-A54CBA872823}.ReleaseSW|Any CPU.ActiveCfg = Release|x64
		{311EBA11-7E55-4354-B5EF-A54CBA872823}.ReleaseSW|Any CPU.Build.0 = Release|x64
		{311EBA11-7E55-4354-B5EF-A54CBA872823}.ReleaseSW|ARM.ActiveCfg = Release|ARM
		{311EBA11-7E55-4354-B5EF-A54CBA872823}.ReleaseSW|ARM.Build.0 = Release|ARM
		{311EBA11-7E55-4354-B5EF-A54CBA872823}.ReleaseSW|x64.ActiveCfg = Release|x64
		{311EBA11-7E55-4354-B5EF-A54CBA872823}.ReleaseSW|x64.Build.0 = Release|x64
		{311EBA11-7E55-4354-B5EF-A54CBA872823}.ReleaseSW|x86.ActiveCfg = Release|Win32
		{311EBA11-7E55-4354-B5EF-A54CBA872823}.ReleaseSW|x86.Build.0 = Release|Win32
		{D26C1D26-7A1E-478F-A825-B4579634004B}.Debug|Any CPU.ActiveCfg = Debug|Win32
		{D26C1D26-7A1E-478F-A825-B4579634004B}.Debug|ARM.ActiveCfg = Debug|ARM
		{D26C1D26-7A1E-478F-A825-B4579634004B}.Debug|ARM.Build.0 = Debug|ARM
		{D26C1D26-7A1E-478F-A825-B4579634004B}.Debug|x64.ActiveCfg = Debug|x64
		{D26C1D26-7A1E-478F-A825-B4579634004B}.Debug|x64.Build.0 = Debug|x64
		{D26C1D26-7A1E-478F-A825-B4579634004B}.Debug|x86.ActiveCfg = Debug|Win32
		{D26C1D26-7A1E-478F-A825-B4579634004B}.Debug|x86.Build.0 = Debug|Win32
		{D26C1D26-7A1E-478F-A825-B4579634004B}.DebugSW|Any CPU.ActiveCfg = Release|x64
		{D26C1D26-7A1E-478F-A825-B4579634004B}.DebugSW|Any CPU.Build.0 = Release|x64
		{D26C1D26-7A1E-478F-A825-B4579634004B}.DebugSW|ARM.ActiveCfg = Debug|ARM
		{D26C1D26-7A1E-478F-A825-B4579634004B}.DebugSW|ARM.Build.0 = Debug|ARM
		{D26C1D26-7A1E-478F-A825-B4579634004B}.DebugSW|x64.ActiveCfg = Debug|x64
		{D26C1D26-7A1E-478F-A825-B4579634004B}.DebugSW|x64.Build.0 = Debug|x64
		{D26C1D26-7A1E-478F-A825-B4579634004B}.DebugSW|x86.ActiveCfg = Debug|Win32
		{D26C1D26-7A1E-478F-A825-B4579634004B}.DebugSW|x86.Build.0 = Debug|Win32
		{D26C1D26-7A1E-478F-A825-B4579634004B}.Profile|Any CPU.ActiveCfg = Release|x64
		{D26C1D26-7A1E-478F-A825-B4579634004B}.Profile|Any CPU.Build.0 = Release|x64
		{D26C1D26-7A1E-478F-A825-B4579634004B}.Profile|ARM.ActiveCfg = Release|ARM
		{D26C1D26-7A1E-478F-A825-B4579634004B}.Profile|ARM.Build.0 = Release|ARM
		{D26C1D26-7A1E-478F-A825-B4579634004B}.Profile|x64.ActiveCfg = Release|x64
		{D26C1D26-7A1E-478F-A825-B4579634004B}.Profile|x64.Build.0 = Release|x64
		{D26C1D26-7A1E-478F-A825-B4579634004B}.Profile|x86.ActiveCfg = Release|Win32
		{D26C1D26-7A1E-478F-A825-B4579634004B}.Profile|x86.Build.0 = Release|Win32
		{D26C1D26-7A1E-478F-A825-B4579634004B}.Release|Any CPU.ActiveCfg = Release|Win32
		{D26C1D26-7A1E-478F-A825-B4579634004B}.Release|ARM.ActiveCfg = Release|ARM
		{D26C1D26-7A1E-478F-A825-B4579634004B}.Release|ARM.Build.0 = Release|ARM
		{D26C1D26-7A1E-478F-A825-B4579634004B}.Release|x64.ActiveCfg = Release|x64
		{D26C1D26-7A1E-478F-A825-B4579634004B}.Release|x64.Build.0 = Release|x64
		{D26C1D26-7A1E-478F-A825-B4579634004B}.Release|x86.ActiveCfg = Release|Win32
		{D26C1D26-7A1E-478F-A825-B4579634004B}.Release|x86.Build.0 = Release|Win32
		{D26C1D26-7A1E-478F-A825-B4579634004B}.ReleaseSW|Any CPU.ActiveCfg = Release|x64
		{D26C1D26-7A1E-478F-A825-B4579634004B}.ReleaseSW|Any CPU.Build.0 = Release|x64
		{D26C1D26-7A1E-478F-A825-B4579634004B}.ReleaseSW|ARM.ActiveCfg = Release|ARM
		{D26C1D26-7A1E-478F-A825-B4579634004B}.ReleaseSW|ARM.Build.0 = Release|ARM
		{D26C1D26-7A1E-478F-A825-B4579634004B}.ReleaseSW|x64.ActiveCfg = Release|x64
		{D26C1D26-7A1E-478F-A825-B4579634004B}.ReleaseSW|x64.Build.0 = Release|x64
		{D26C1D26-7A1E-478F-A825-B4579634004B}.ReleaseSW|x86.ActiveCfg = Release|Win32
		{D26C1D26-7A1E-478F-A825-B4579634004B}.ReleaseSW|x86.Build.0 = Release|Win32
		{F34A7AA5-DC67-49C4-A38F-7A7660CAB6A4}.Debug|Any CPU.ActiveCfg = Debug|Win32
		{F34A7AA5-DC67-49C4-A38F-7A7660CAB6A4}.Debug|ARM.ActiveCfg = Debug|ARM
		{F34A7AA5-DC67-49C4-A38F-7A7660CAB6A4}.Debug|ARM.Build.0 = Debug|ARM
		{F34A7AA5-DC67-49C4-A38F-7A7660CAB6A4}.Debug|x64.ActiveCfg = Debug|x64
		{F34A7AA5-DC67-49C4-A38F-7A7660CAB6A4}.Debug|x64.Build.0 = Debug|x64
		{F34A7AA5-DC67-49C4-A38F-7A7660CAB6A4}.Debug|x86.ActiveCfg = Debug|Win32
		{F34A7AA5-DC67-49C4-A38F-7A7660CAB6A4}.Debug|x86.Build.0 = Debug|Win32
		{F34A7AA5-DC67-49C4-A38F-7A7660CAB6A4}.DebugSW|Any CPU.ActiveCfg = Release|x64
		{F34A7AA5-DC67-49C4-A38F-7A7660CAB6A4}.DebugSW|Any CPU.Build.0 = Release|x64
		{F34A7AA5-DC67-49C4-A38F-7A7660CAB6A4}.DebugSW|ARM.ActiveCfg = Debug|ARM
		{F34A7AA5-DC67-49C4-A38F-7A7660CAB6A4}.DebugSW|ARM.Build.0 = Debug|ARM
		{F34A7AA5-DC67-49C4-A38F-7A7660CAB6A4}.DebugSW|x64.ActiveCfg = Debug|x64
		{F34A7AA5-DC67-49C4-A38F-7A7660CAB6A4}.DebugSW|x64.Build.0 = Debug|x64
		{F34A7AA5-DC67-49C4-A38F-7A7660CAB6A4}.DebugSW|x86.ActiveCfg = Debug|Win32
		{F34A7AA5-DC67-49C4-A38F-7A7660CAB6A4}.DebugSW|x86.Build.0 = Debug|Win32
		{F34A7AA5-DC67-49C4-A38F-7A7660CAB6A4}.Profile|Any CPU.ActiveCfg = Release|x64
		{F34A7AA5-DC67-49C4-A38F-7A7660CAB6A4}.Profile|Any CPU.Build.0 = Release|x64
		{F34A7AA5-DC67-49C4-A38F-7A7660CAB6A4}.Profile|ARM.ActiveCfg = Release|ARM
		{F34A7AA5-DC67-49C4-A38F-7A7660CAB6A4}.Profile|ARM.Build.0 = Release|ARM
		{F34A7AA5-DC67-49C4-A38F-7A7660CAB6A4}.Profile|x64.ActiveCfg = Release|x64
		{F34A7AA5-DC67-49C4-A38F-7A7660CAB6A4}.Profile|x64.Build.0 = Release|x64
		{F34A7AA5-DC67-49C4-A38F-7A7660CAB6A4}.Profile|x86.ActiveCfg = Release|Win32
		{F34A7AA5-DC67-49C4-A38F-7A7660CAB6A4}.Profile|x86.Build.0 = Release|Win32
		{F34A7AA5-DC67-49C4-A38F-7A7660CAB6A4}.Release|Any CPU.ActiveCfg = Release|Win32
		{F34A7AA5-DC67-49C4-A38F-7A7660CAB6A4}.Release|ARM.ActiveCfg = Release|ARM
		{F34A7AA5-DC67-49C4-A38F-7A7660CAB6A4}.Release|ARM.Build.0 = Release|ARM
		{F34A7AA5-DC67-49C4-A38F-7A7660CAB6A4}.Release|x64.ActiveCfg = Release|x64
		{F34A7AA5-DC67-49C4-A38F-7A7660CAB6A4}.Release|x64.Build.0 = Release|x64
		{F34A7AA5-DC67-49C4-A38F-7A7660CAB6A4}.Release|x86.ActiveCfg = Release|Win32
		{F34A7AA5-DC67-49C4-A38F-7A7660CAB6A4}.Release|x86.Build.0 = Release|Win32
		{F34A7AA5-DC67-49C4-A38F-7A7660CAB6A4}.ReleaseSW|Any CPU.ActiveCfg = Release|x64
		{F34A7AA5-DC67-49C4-A38F-7A7660CAB6A4}.ReleaseSW|Any CPU.Build.0 = Release|x64
		{F34A7AA5-DC67-49C4-A38F-7A7660CAB6A4}.ReleaseSW|ARM.ActiveCfg = Release|ARM
		{F34A7AA5-DC67-49C4-A38F-7A7660CAB6A4}.ReleaseSW|ARM.Build.0 = Release|ARM
		{F34A7AA5-DC67-49C4-A38F-7A7660CAB6A4}.ReleaseSW|x64.ActiveCfg = Release|x64
		{F34A7AA5-DC67-49C4-A38F-7A7660CAB6A4}.ReleaseSW|x64.Build.0 = Release|x64
		{F34A7AA5-DC67-49C4-A38F-7A7660CAB6A4}.ReleaseSW|x86.ActiveCfg = Release|Win32
		{F34A7AA5-DC67-49C4-A38F-7A7660CAB6A4}.ReleaseSW|x86.Build.0 = Release|Win32
		{81CE8DAF-EBB2-4761-8E45-B71ABCCA8C68}.Debug|Any CPU.ActiveCfg = Debug|Win32
		{81CE8DAF-EBB2-4761-8E45-B71ABCCA8C68}.Debug|ARM.ActiveCfg = Debug|Win32
		{81CE8DAF-EBB2-4761-8E45-B71ABCCA8C68}.Debug|x64.ActiveCfg = Debug|x64
		{81CE8DAF-EBB2-4761-8E45-B71ABCCA8C68}.Debug|x64.Build.0 = Debug|x64
		{81CE8DAF-EBB2-4761-8E45-B71ABCCA8C68}.Debug|x86.ActiveCfg = Debug|Win32
		{81CE8DAF-EBB2-4761-8E45-B71ABCCA8C68}.Debug|x86.Build.0 = Debug|Win32
		{81CE8DAF-EBB2-4761-8E45-B71ABCCA8C68}.DebugSW|Any CPU.ActiveCfg = Release|x64
		{81CE8DAF-EBB2-4761-8E45-B71ABCCA8C68}.DebugSW|Any CPU.Build.0 = Release|x64
		{81CE8DAF-EBB2-4761-8E45-B71ABCCA8C68}.DebugSW|ARM.ActiveCfg = Release|x64
		{81CE8DAF-EBB2-4761-8E45-B71ABCCA8C68}.DebugSW|ARM.Build.0 = Release|x64
		{81CE8DAF-EBB2-4761-8E45-B71ABCCA8C68}.DebugSW|x64.ActiveCfg = Debug|x64
		{81CE8DAF-EBB2-4761-8E45-B71ABCCA8C68}.DebugSW|x64.Build.0 = Debug|x64
		{81CE8DAF-EBB2-4761-8E45-B71ABCCA8C68}.DebugSW|x86.ActiveCfg = Debug|Win32
		{81CE8DAF-EBB2-4761-8E45-B71ABCCA8C68}.DebugSW|x86.Build.0 = Debug|Win32
		{81CE8DAF-EBB2-4761-8E45-B71ABCCA8C68}.Profile|Any CPU.ActiveCfg = Release|x64
		{81CE8DAF-EBB2-4761-8E45-B71ABCCA8C68}.Profile|Any CPU.Build.0 = Release|x64
		{81CE8DAF-EBB2-4761-8E45-B71ABCCA8C68}.Profile|ARM.ActiveCfg = Release|x64
		{81CE8DAF-EBB2-4761-8E45-B71ABCCA8C68}.Profile|ARM.Build.0 = Release|x64
		{81CE8DAF-EBB2-4761-8E45-B71ABCCA8C68}.Profile|x64.ActiveCfg = Release|x64
		{81CE8DAF-EBB2-4761-8E45-B71ABCCA8C68}.Profile|x64.Build.0 = Release|x64
		{81CE8DAF-EBB2-4761-8E45-B71ABCCA8C68}.Profile|x86.ActiveCfg = Release|Win32
		{81CE8DAF-EBB2-4761-8E45-B71ABCCA8C68}.Profile|x86.Build.0 = Release|Win32
		{81CE8DAF-EBB2-4761-8E45-B71ABCCA8C68}.Release|Any CPU.ActiveCfg = Release|Win32
		{81CE8DAF-EBB2-4761-8E45-B71ABCCA8C68}.Release|ARM.ActiveCfg = Release|Win32
		{81CE8DAF-EBB2-4761-8E45-B71ABCCA8C68}.Release|x64.ActiveCfg = Release|x64
		{81CE8DAF-EBB2-4761-8E45-B71ABCCA8C68}.Release|x64.Build.0 = Release|x64
		{81CE8DAF-EBB2-4761-8E45-B71ABCCA8C68}.Release|x86.ActiveCfg = Release|Win32
		{81CE8DAF-EBB2-4761-8E45-B71ABCCA8C68}.Release|x86.Build.0 = Release|Win32
		{81CE8DAF-EBB2-4761-8E45-B71ABCCA8C68}.ReleaseSW|Any CPU.ActiveCfg = Release|x64
		{81CE8DAF-EBB2-4761-8E45-B71ABCCA8C68}.ReleaseSW|Any CPU.Build.0 = Release|x64
		{81CE8DAF-EBB2-4761-8E45-B71ABCCA8C68}.ReleaseSW|ARM.ActiveCfg = Release|x64
		{81CE8DAF-EBB2-4761-8E45-B71ABCCA8C68}.ReleaseSW|ARM.Build.0 = Release|x64
		{81CE8DAF-EBB2-4761-8E45-B71ABCCA8C68}.ReleaseSW|x64.ActiveCfg = Release|x64
		{81CE8DAF-EBB2-4761-8E45-B71ABCCA8C68}.ReleaseSW|x64.Build.0 = Release|x64
		{81CE8DAF-EBB2-4761-8E45-B71ABCCA8C68}.ReleaseSW|x86.ActiveCfg = Release|Win32
		{81CE8DAF-EBB2-4761-8E45-B71ABCCA8C68}.ReleaseSW|x86.Build.0 = Release|Win32
		{F7E944B3-0815-40CD-B3E4-90B2A15B0E33}.Debug|Any CPU.ActiveCfg = Debug|Win32
		{F7E944B3-0815-40CD-B3E4-90B2A15B0E33}.Debug|ARM.ActiveCfg = Debug|Win32
		{F7E944B3-0815-40CD-B3E4-90B2A15B0E33}.Debug|x64.ActiveCfg = Debug|x64
		{F7E944B3-0815-40CD-B3E4-90B2A15B0E33}.Debug|x64.Build.0 = Debug|x64
		{F7E944B3-0815-40CD-B3E4-90B2A15B0E33}.Debug|x86.ActiveCfg = Debug|Win32
		{F7E944B3-0815-40CD-B3E4-90B2A15B0E33}.Debug|x86.Build.0 = Debug|Win32
		{F7E944B3-0815-40CD-B3E4-90B2A15B0E33}.DebugSW|Any CPU.ActiveCfg = Release|x64
		{F7E944B3-0815-40CD-B3E4-90B2A15B0E33}.DebugSW|Any CPU.Build.0 = Release|x64
		{F7E944B3-0815-40CD-B3E4-90B2A15B0E33}.DebugSW|ARM.ActiveCfg = Release|x64
		{F7E944B3-0815-40CD-B3E4-90B2A15B0E33}.DebugSW|ARM.Build.0 = Release|x64
		{F7E944B3-0815-40CD-B3E4-90B2A15B0E33}.DebugSW|x64.ActiveCfg = Debug|x64
		{F7E944B3-0815-40CD-B3E4-90B2A15B0E33}.DebugSW|x64.Build.0 = Debug|x64
		{F7E944B3-0815-40CD-B3E4-90B2A15B0E33}.DebugSW|x86.ActiveCfg = Debug|Win32
		{F7E944B3-0815-40CD-B3E4-90B2A15B0E33}.DebugSW|x86.Build.0 = Debug|Win32
		{F7E944B3-0815-40CD-B3E4-90B2A15B0E33}.Profile|Any CPU.ActiveCfg = Release|x64
		{F7E944B3-0815-40CD-B3E4-90B2A15B0E33}.Profile|Any CPU.Build.0 = Release|x64
		{F7E944B3-0815-40CD-B3E4-90B2A15B0E33}.Profile|ARM.ActiveCfg = Release|x64
		{F7E944B3-0815-40CD-B3E4-90B2A15B0E33}.Profile|ARM.Build.0 = Release|x64
		{F7E944B3-0815-40CD-B3E4-90B2A15B0E33}.Profile|x64.ActiveCfg = Release|x64
		{F7E944B3-0815-40CD-B3E4-90B2A15B0E33}.Profile|x64.Build.0 = Release|x64
		{F7E944B3-0815-40CD-B3E4-90B2A15B0E33}.Profile|x86.ActiveCfg = Release|Win32
		{F7E944B3-0815-40CD-B3E4-90B2A15B0E33}.Profile|x86.Build.0 = Release|Win32
		{F7E944B3-0815-40CD-B3E4-90B2A15B0E33}.Release|Any CPU.ActiveCfg = Release|Win32
		{F7E944B3-0815-40CD-B3E4-90B2A15B0E33}.Release|ARM.ActiveCfg = Release|Win32
		{F7E944B3-0815-40CD-B3E4-90B2A15B0E33}.Release|x64.ActiveCfg = Release|x64
		{F7E944B3-0815-40CD-B3E4-90B2A15B0E33}.Release|x64.Build.0 = Release|x64
		{F7E944B3-0815-40CD-B3E4-90B2A15B0E33}.Release|x86.ActiveCfg = Release|Win32
		{F7E944B3-0815-40CD-B3E4-90B2A15B0E33}.Release|x86.Build.0 = Release|Win32
		{F7E944B3-0815-40CD-B3E4-90B2A15B0E33}.ReleaseSW|Any CPU.ActiveCfg = Release|x64
		{F7E944B3-0815-40CD-B3E4-90B2A15B0E33}.ReleaseSW|Any CPU.Build.0 = Release|x64
		{F7E944B3-0815-40CD-B3E4-90B2A15B0E33}.ReleaseSW|ARM.ActiveCfg = Release|x64
		{F7E944B3-0815-40CD-B3E4-90B2A15B0E33}.ReleaseSW|ARM.Build.0 = Release|x64
		{F7E944B3-0815-40CD-B3E4-90B2A15B0E33}.ReleaseSW|x64.ActiveCfg = Release|x64
		{F7E944B3-0815-40CD-B3E4-90B2A15B0E33}.ReleaseSW|x64.Build.0 = Release|x64
		{F7E944B3-0815-40CD-B3E4-90B2A15B0E33}.ReleaseSW|x86.ActiveCfg = Release|Win32
		{F7E944B3-0815-40CD-B3E4-90B2A15B0E33}.ReleaseSW|x86.Build.0 = Release|Win32
		{55D4E1E1-8A9B-4604-A35F-9CADD3D5294F}.Debug|Any CPU.ActiveCfg = Debug|Win32
		{55D4E1E1-8A9B-4604-A35F-9CADD3D5294F}.Debug|ARM.ActiveCfg = Debug|Win32
		{55D4E1E1-8A9B-4604-A35F-9CADD3D5294F}.Debug|x64.ActiveCfg = Debug|x64
		{55D4E1E1-8A9B-4604-A35F-9CADD3D5294F}.Debug|x64.Build.0 = Debug|x64
		{55D4E1E1-8A9B-4604-A35F-9CADD3D5294F}.Debug|x86.ActiveCfg = Debug|Win32
		{55D4E1E1-8A9B-4604-A35F-9CADD3D5294F}.Debug|x86.Build.0 = Debug|Win32
		{55D4E1E1-8A9B-4604-A35F-9CADD3D5294F}.DebugSW|Any CPU.ActiveCfg = Release|x64
		{55D4E1E1-8A9B-4604-A35F-9CADD3D5294F}.DebugSW|Any CPU.Build.0 = Release|x64
		{55D4E1E1-8A9B-4604-A35F-9CADD3D5294F}.DebugSW|ARM.ActiveCfg = Release|x64
		{55D4E1E1-8A9B-4604-A35F-9CADD3D5294F}.DebugSW|ARM.Build.0 = Release|x64
		{55D4E1E1-8A9B-4604-A35F-9CADD3D5294F}.DebugSW|x64.ActiveCfg = Debug|x64
		{55D4E1E1-8A9B-4604-A35F-9CADD3D5294F}.DebugSW|x64.Build.0 = Debug|x64
		{55D4E1E1-8A9B-4604-A35F-9CADD3D5294F}.DebugSW|x86.ActiveCfg = Debug|Win32
		{55D4E1E1-8A9B-4604-A35F-9CADD3D5294F}.DebugSW|x86.Build.0 = Debug|Win32
		{55D4E1E1-8A9B-4604-A35F-9CADD3D5294F}.Profile|Any CPU.ActiveCfg = Release|x64
		{55D4E1E1-8A9B-4604-A35F-9CADD3D5294F}.Profile|Any CPU.Build.0 = Release|x64
		{55D4E1E1-8A9B-4604-A35F-9CADD3D5294F}.Profile|ARM.ActiveCfg = Release|x64
		{55D4E1E1-8A9B-4604-A35F-9CADD3D5294F}.Profile|ARM.Build.0 = Release|x64
		{55D4E1E1-8A9B-4604-A35F-9CADD3D5294F}.Profile|x64.ActiveCfg = Release|x64
		{55D4E1E1-8A9B-4604-A35F-9CADD3D5294F}.Profile|x64.Build.0 = Release|x64
		{55D4E1E1-8A9B-4604-A35F-9CADD3D5294F}.Profile|x86.ActiveCfg = Release|Win32
		{55D4E1E1-8A9B-4604-A35F-9CADD3D5294F}.Profile|x86.Build.0 = Release|Win32
		{55D4E1E1-8A9B-4604-A35F-9CADD3D5294F}.Release|Any CPU.ActiveCfg = Release|Win32
		{55D4E1E1-8A9B-4604-A35F-9CADD3D5294F}.Release|ARM.ActiveCfg = Release|Win32
		{55D4E1E1-8A9B-4604-A35F-9CADD3D5294F}.Release|x64.ActiveCfg = Release|x64
		{55D4E1E1-8A9B-4604-A35F-9CADD3D5294F}.Release|x64.Build.0 = Release|x64
		{55D4E1E1-8A9B-4604-A35F-9CADD3D5294F}.Release|x86.ActiveCfg = Release|Win32
		{55D4E1E1-8A9B-4604-A35F-9CADD3D5294F}.Release|x86.Build.0 = Release|Win32
		{55D4E1E1-8A9B-4604-A35F-9CADD3D5294F}.ReleaseSW|Any CPU.ActiveCfg = Release|x64
		{55D4E1E1-8A9B-4604-A35F-9CADD3D5294F}.ReleaseSW|Any CPU.Build.0 = Release|x64
		{55D4E1E1-8A9B-4604-A35F-9CADD3D5294F}.ReleaseSW|ARM.ActiveCfg = Release|x64
		{55D4E1E1-8A9B-4604-A35F-9CADD3D5294F}.ReleaseSW|ARM.Build.0 = Release|x64
		{55D4E1E1-8A9B-4604-A35F-9CADD3D5294F}.ReleaseSW|x64.ActiveCfg = Release|x64
		{55D4E1E1-8A9B-4604-A35F-9CADD3D5294F}.ReleaseSW|x64.Build.0 = Release|x64
		{55D4E1E1-8A9B-4604-A35F-9CADD3D5294F}.ReleaseSW|x86.ActiveCfg = Release|Win32
		{55D4E1E1-8A9B-4604-A35F-9CADD3D5294F}.ReleaseSW|x86.Build.0 = Release|Win32
	EndGlobalSection
	GlobalSection(SolutionProperties) = preSolution
		HideSolutionNode = FALSE
	EndGlobalSection
	GlobalSection(NestedProjects) = preSolution
		{C5BF6C98-F5E1-4053-AE43-05201DBDE3D2} = {CE56B95A-BAEF-486D-BC45-A4AF97C8C989}
		{633B0FEC-7CCA-4ADA-A6F0-BDE67E8F8EDF} = {C905ED38-9E0D-406C-AA7A-9FD7EB937F4B}
		{4E15E952-1078-48E4-8C2A-03C3A8031044} = {A50A4F57-E643-4487-AD3B-EB737F6DEB2C}
		{FA77B8A1-5862-4E9D-8313-15D4442CFA8C} = {A50A4F57-E643-4487-AD3B-EB737F6DEB2C}
		{A052426E-C428-4CDC-A50E-75D2410AC24F} = {A50A4F57-E643-4487-AD3B-EB737F6DEB2C}
		{89E9B32E-A86A-47C3-A948-D2B1622925CE} = {14B9E0C5-CA50-44D3-9D86-2520BDCD5D50}
		{3A833C7A-C776-4202-9DBD-BC879B23C605} = {14B9E0C5-CA50-44D3-9D86-2520BDCD5D50}
		{6BC6349C-E355-4F1C-9290-FF755114A84B} = {14B9E0C5-CA50-44D3-9D86-2520BDCD5D50}
		{E3AB27F1-EB89-4C65-85DF-CB6A4F805753} = {14B9E0C5-CA50-44D3-9D86-2520BDCD5D50}
		{936B2819-2364-45D9-901D-52878914FAFA} = {14B9E0C5-CA50-44D3-9D86-2520BDCD5D50}
		{DB17C673-2F38-48C3-9175-7EB05EAE3FE0} = {EFA5CF35-47D0-4C01-B87C-10CF5F4C0827}
		{CFC011FA-728E-45E2-9664-C17BC2A30FB5} = {EFA5CF35-47D0-4C01-B87C-10CF5F4C0827}
		{C98D1AE0-E266-4F69-91E1-685BA877E064} = {31FED47D-FA76-46B2-B3DF-FC05915574D5}
		{FE8F679F-3116-4AE8-ADCA-6DC9F21C8B74} = {CE56B95A-BAEF-486D-BC45-A4AF97C8C989}
		{14B9E0C5-CA50-44D3-9D86-2520BDCD5D50} = {867BE30D-64F3-431A-A7CA-D22D179B7307}
		{C284A225-7A03-4864-9FE0-8090FB61CE8F} = {867BE30D-64F3-431A-A7CA-D22D179B7307}
		{311EBA11-7E55-4354-B5EF-A54CBA872823} = {C284A225-7A03-4864-9FE0-8090FB61CE8F}
		{D26C1D26-7A1E-478F-A825-B4579634004B} = {C284A225-7A03-4864-9FE0-8090FB61CE8F}
		{F34A7AA5-DC67-49C4-A38F-7A7660CAB6A4} = {C284A225-7A03-4864-9FE0-8090FB61CE8F}
		{81CE8DAF-EBB2-4761-8E45-B71ABCCA8C68} = {C284A225-7A03-4864-9FE0-8090FB61CE8F}
		{F7E944B3-0815-40CD-B3E4-90B2A15B0E33} = {C284A225-7A03-4864-9FE0-8090FB61CE8F}
		{55D4E1E1-8A9B-4604-A35F-9CADD3D5294F} = {EFA5CF35-47D0-4C01-B87C-10CF5F4C0827}
	EndGlobalSection
EndGlobal
