
Microsoft Visual Studio Solution File, Format Version 12.00
# Visual Studio 14
VisualStudioVersion = 14.0.24720.0
MinimumVisualStudioVersion = 10.0.40219.1
Project("{8BC9CEB8-8B4A-11D0-8D11-00A0C91BC942}") = "DukeNukem", "DukeNukem\DukeNukem.vcxproj", "{C5BF6C98-F5E1-4053-AE43-05201DBDE3D2}"
	ProjectSection(ProjectDependencies) = postProject
		{4E15E952-1078-48E4-8C2A-03C3A8031044} = {4E15E952-1078-48E4-8C2A-03C3A8031044}
		{A052426E-C428-4CDC-A50E-75D2410AC24F} = {A052426E-C428-4CDC-A50E-75D2410AC24F}
		{FA77B8A1-5862-4E9D-8313-15D4442CFA8C} = {FA77B8A1-5862-4E9D-8313-15D4442CFA8C}
		{633B0FEC-7CCA-4ADA-A6F0-BDE67E8F8EDF} = {633B0FEC-7CCA-4ADA-A6F0-BDE67E8F8EDF}
	EndProjectSection
EndProject
Project("{8BC9CEB8-8B4A-11D0-8D11-00A0C91BC942}") = "Build", "DukeNukem\build.vcxproj", "{633B0FEC-7CCA-4ADA-A6F0-BDE67E8F8EDF}"
EndProject
Project("{2150E333-8FDC-42A3-9474-1A3956D46DE8}") = "Engine", "Engine", "{C905ED38-9E0D-406C-AA7A-9FD7EB937F4B}"
EndProject
Project("{2150E333-8FDC-42A3-9474-1A3956D46DE8}") = "Game", "Game", "{31FED47D-FA76-46B2-B3DF-FC05915574D5}"
EndProject
Project("{8BC9CEB8-8B4A-11D0-8D11-00A0C91BC942}") = "enet", "DukeNukem\enet.vcxproj", "{4E15E952-1078-48E4-8C2A-03C3A8031044}"
EndProject
Project("{8BC9CEB8-8B4A-11D0-8D11-00A0C91BC942}") = "jmact", "DukeNukem\jmact.vcxproj", "{FA77B8A1-5862-4E9D-8313-15D4442CFA8C}"
EndProject
Project("{2150E333-8FDC-42A3-9474-1A3956D46DE8}") = "Game_Libs", "Game_Libs", "{A50A4F57-E643-4487-AD3B-EB737F6DEB2C}"
EndProject
Project("{2150E333-8FDC-42A3-9474-1A3956D46DE8}") = "Third-Party", "Third-Party", "{867BE30D-64F3-431A-A7CA-D22D179B7307}"
EndProject
Project("{8BC9CEB8-8B4A-11D0-8D11-00A0C91BC942}") = "jaudiolib", "DukeNukem\jaudiolib.vcxproj", "{A052426E-C428-4CDC-A50E-75D2410AC24F}"
EndProject
Project("{8BC9CEB8-8B4A-11D0-8D11-00A0C91BC942}") = "SDL2-UWP", "DukeNukem\Third-Party\SDL2-master\VisualC-WinRT\UWP_VS2015\SDL-UWP.vcxproj", "{89E9B32E-A86A-47C3-A948-D2B1622925CE}"
EndProject
Project("{8BC9CEB8-8B4A-11D0-8D11-00A0C91BC942}") = "SDL2_mixer-UWP", "DukeNukem\Third-Party\SDL\WindowsUWP\SDL_mixer-UWP.vcxproj", "{3A833C7A-C776-4202-9DBD-BC879B23C605}"
EndProject
Project("{8BC9CEB8-8B4A-11D0-8D11-00A0C91BC942}") = "libogg_static-UWP", "DukeNukem\Third-Party\SDL\WindowsUWP\libogg_static-UWP.vcxproj", "{6BC6349C-E355-4F1C-9290-FF755114A84B}"
EndProject
Project("{8BC9CEB8-8B4A-11D0-8D11-00A0C91BC942}") = "libvorbis_static-UWP", "DukeNukem\Third-Party\SDL\WindowsUWP\libvorbis_static-UWP.vcxproj", "{E3AB27F1-EB89-4C65-85DF-CB6A4F805753}"
EndProject
Project("{8BC9CEB8-8B4A-11D0-8D11-00A0C91BC942}") = "libvorbisfile_static-UWP", "DukeNukem\Third-Party\SDL\WindowsUWP\libvorbisfile_static-UWP.vcxproj", "{936B2819-2364-45D9-901D-52878914FAFA}"
EndProject
Global
	GlobalSection(SolutionConfigurationPlatforms) = preSolution
		Debug|ARM = Debug|ARM
		Debug|x64 = Debug|x64
		Debug|x86 = Debug|x86
		Release|ARM = Release|ARM
		Release|x64 = Release|x64
		Release|x86 = Release|x86
	EndGlobalSection
	GlobalSection(ProjectConfigurationPlatforms) = postSolution
		{C5BF6C98-F5E1-4053-AE43-05201DBDE3D2}.Debug|ARM.ActiveCfg = Debug|ARM
		{C5BF6C98-F5E1-4053-AE43-05201DBDE3D2}.Debug|ARM.Build.0 = Debug|ARM
		{C5BF6C98-F5E1-4053-AE43-05201DBDE3D2}.Debug|ARM.Deploy.0 = Debug|ARM
		{C5BF6C98-F5E1-4053-AE43-05201DBDE3D2}.Debug|x64.ActiveCfg = Debug|x64
		{C5BF6C98-F5E1-4053-AE43-05201DBDE3D2}.Debug|x64.Build.0 = Debug|x64
		{C5BF6C98-F5E1-4053-AE43-05201DBDE3D2}.Debug|x64.Deploy.0 = Debug|x64
		{C5BF6C98-F5E1-4053-AE43-05201DBDE3D2}.Debug|x86.ActiveCfg = Debug|Win32
		{C5BF6C98-F5E1-4053-AE43-05201DBDE3D2}.Debug|x86.Build.0 = Debug|Win32
		{C5BF6C98-F5E1-4053-AE43-05201DBDE3D2}.Debug|x86.Deploy.0 = Debug|Win32
		{C5BF6C98-F5E1-4053-AE43-05201DBDE3D2}.Release|ARM.ActiveCfg = Release|ARM
		{C5BF6C98-F5E1-4053-AE43-05201DBDE3D2}.Release|ARM.Build.0 = Release|ARM
		{C5BF6C98-F5E1-4053-AE43-05201DBDE3D2}.Release|ARM.Deploy.0 = Release|ARM
		{C5BF6C98-F5E1-4053-AE43-05201DBDE3D2}.Release|x64.ActiveCfg = Release|x64
		{C5BF6C98-F5E1-4053-AE43-05201DBDE3D2}.Release|x64.Build.0 = Release|x64
		{C5BF6C98-F5E1-4053-AE43-05201DBDE3D2}.Release|x64.Deploy.0 = Release|x64
		{C5BF6C98-F5E1-4053-AE43-05201DBDE3D2}.Release|x86.ActiveCfg = Release|Win32
		{C5BF6C98-F5E1-4053-AE43-05201DBDE3D2}.Release|x86.Build.0 = Release|Win32
		{C5BF6C98-F5E1-4053-AE43-05201DBDE3D2}.Release|x86.Deploy.0 = Release|Win32
		{633B0FEC-7CCA-4ADA-A6F0-BDE67E8F8EDF}.Debug|ARM.ActiveCfg = Debug|Win32
		{633B0FEC-7CCA-4ADA-A6F0-BDE67E8F8EDF}.Debug|x64.ActiveCfg = Debug|x64
		{633B0FEC-7CCA-4ADA-A6F0-BDE67E8F8EDF}.Debug|x64.Build.0 = Debug|x64
		{633B0FEC-7CCA-4ADA-A6F0-BDE67E8F8EDF}.Debug|x86.ActiveCfg = Debug|Win32
		{633B0FEC-7CCA-4ADA-A6F0-BDE67E8F8EDF}.Debug|x86.Build.0 = Debug|Win32
		{633B0FEC-7CCA-4ADA-A6F0-BDE67E8F8EDF}.Release|ARM.ActiveCfg = Release|Win32
		{633B0FEC-7CCA-4ADA-A6F0-BDE67E8F8EDF}.Release|x64.ActiveCfg = Release|x64
		{633B0FEC-7CCA-4ADA-A6F0-BDE67E8F8EDF}.Release|x64.Build.0 = Release|x64
		{633B0FEC-7CCA-4ADA-A6F0-BDE67E8F8EDF}.Release|x86.ActiveCfg = Release|Win32
		{633B0FEC-7CCA-4ADA-A6F0-BDE67E8F8EDF}.Release|x86.Build.0 = Release|Win32
		{4E15E952-1078-48E4-8C2A-03C3A8031044}.Debug|ARM.ActiveCfg = Debug|Win32
		{4E15E952-1078-48E4-8C2A-03C3A8031044}.Debug|x64.ActiveCfg = Debug|x64
		{4E15E952-1078-48E4-8C2A-03C3A8031044}.Debug|x64.Build.0 = Debug|x64
		{4E15E952-1078-48E4-8C2A-03C3A8031044}.Debug|x86.ActiveCfg = Debug|Win32
		{4E15E952-1078-48E4-8C2A-03C3A8031044}.Debug|x86.Build.0 = Debug|Win32
		{4E15E952-1078-48E4-8C2A-03C3A8031044}.Release|ARM.ActiveCfg = Release|Win32
		{4E15E952-1078-48E4-8C2A-03C3A8031044}.Release|x64.ActiveCfg = Release|x64
		{4E15E952-1078-48E4-8C2A-03C3A8031044}.Release|x64.Build.0 = Release|x64
		{4E15E952-1078-48E4-8C2A-03C3A8031044}.Release|x86.ActiveCfg = Release|Win32
		{4E15E952-1078-48E4-8C2A-03C3A8031044}.Release|x86.Build.0 = Release|Win32
		{FA77B8A1-5862-4E9D-8313-15D4442CFA8C}.Debug|ARM.ActiveCfg = Debug|Win32
		{FA77B8A1-5862-4E9D-8313-15D4442CFA8C}.Debug|x64.ActiveCfg = Debug|x64
		{FA77B8A1-5862-4E9D-8313-15D4442CFA8C}.Debug|x64.Build.0 = Debug|x64
		{FA77B8A1-5862-4E9D-8313-15D4442CFA8C}.Debug|x86.ActiveCfg = Debug|Win32
		{FA77B8A1-5862-4E9D-8313-15D4442CFA8C}.Debug|x86.Build.0 = Debug|Win32
		{FA77B8A1-5862-4E9D-8313-15D4442CFA8C}.Release|ARM.ActiveCfg = Release|Win32
		{FA77B8A1-5862-4E9D-8313-15D4442CFA8C}.Release|x64.ActiveCfg = Release|x64
		{FA77B8A1-5862-4E9D-8313-15D4442CFA8C}.Release|x64.Build.0 = Release|x64
		{FA77B8A1-5862-4E9D-8313-15D4442CFA8C}.Release|x86.ActiveCfg = Release|Win32
		{FA77B8A1-5862-4E9D-8313-15D4442CFA8C}.Release|x86.Build.0 = Release|Win32
		{A052426E-C428-4CDC-A50E-75D2410AC24F}.Debug|ARM.ActiveCfg = Debug|Win32
		{A052426E-C428-4CDC-A50E-75D2410AC24F}.Debug|x64.ActiveCfg = Debug|x64
		{A052426E-C428-4CDC-A50E-75D2410AC24F}.Debug|x64.Build.0 = Debug|x64
		{A052426E-C428-4CDC-A50E-75D2410AC24F}.Debug|x86.ActiveCfg = Debug|Win32
		{A052426E-C428-4CDC-A50E-75D2410AC24F}.Debug|x86.Build.0 = Debug|Win32
		{A052426E-C428-4CDC-A50E-75D2410AC24F}.Release|ARM.ActiveCfg = Release|Win32
		{A052426E-C428-4CDC-A50E-75D2410AC24F}.Release|x64.ActiveCfg = Release|x64
		{A052426E-C428-4CDC-A50E-75D2410AC24F}.Release|x64.Build.0 = Release|x64
		{A052426E-C428-4CDC-A50E-75D2410AC24F}.Release|x86.ActiveCfg = Release|Win32
		{A052426E-C428-4CDC-A50E-75D2410AC24F}.Release|x86.Build.0 = Release|Win32
		{89E9B32E-A86A-47C3-A948-D2B1622925CE}.Debug|ARM.ActiveCfg = Debug|ARM
		{89E9B32E-A86A-47C3-A948-D2B1622925CE}.Debug|ARM.Build.0 = Debug|ARM
		{89E9B32E-A86A-47C3-A948-D2B1622925CE}.Debug|x64.ActiveCfg = Debug|x64
		{89E9B32E-A86A-47C3-A948-D2B1622925CE}.Debug|x64.Build.0 = Debug|x64
		{89E9B32E-A86A-47C3-A948-D2B1622925CE}.Debug|x86.ActiveCfg = Debug|Win32
		{89E9B32E-A86A-47C3-A948-D2B1622925CE}.Debug|x86.Build.0 = Debug|Win32
		{89E9B32E-A86A-47C3-A948-D2B1622925CE}.Release|ARM.ActiveCfg = Release|ARM
		{89E9B32E-A86A-47C3-A948-D2B1622925CE}.Release|ARM.Build.0 = Release|ARM
		{89E9B32E-A86A-47C3-A948-D2B1622925CE}.Release|x64.ActiveCfg = Release|x64
		{89E9B32E-A86A-47C3-A948-D2B1622925CE}.Release|x64.Build.0 = Release|x64
		{89E9B32E-A86A-47C3-A948-D2B1622925CE}.Release|x86.ActiveCfg = Release|Win32
		{89E9B32E-A86A-47C3-A948-D2B1622925CE}.Release|x86.Build.0 = Release|Win32
		{3A833C7A-C776-4202-9DBD-BC879B23C605}.Debug|ARM.ActiveCfg = Debug|ARM
		{3A833C7A-C776-4202-9DBD-BC879B23C605}.Debug|ARM.Build.0 = Debug|ARM
		{3A833C7A-C776-4202-9DBD-BC879B23C605}.Debug|x64.ActiveCfg = Debug|x64
		{3A833C7A-C776-4202-9DBD-BC879B23C605}.Debug|x64.Build.0 = Debug|x64
		{3A833C7A-C776-4202-9DBD-BC879B23C605}.Debug|x86.ActiveCfg = Debug|Win32
		{3A833C7A-C776-4202-9DBD-BC879B23C605}.Debug|x86.Build.0 = Debug|Win32
		{3A833C7A-C776-4202-9DBD-BC879B23C605}.Release|ARM.ActiveCfg = Release|ARM
		{3A833C7A-C776-4202-9DBD-BC879B23C605}.Release|ARM.Build.0 = Release|ARM
		{3A833C7A-C776-4202-9DBD-BC879B23C605}.Release|x64.ActiveCfg = Release|x64
		{3A833C7A-C776-4202-9DBD-BC879B23C605}.Release|x64.Build.0 = Release|x64
		{3A833C7A-C776-4202-9DBD-BC879B23C605}.Release|x86.ActiveCfg = Release|Win32
		{3A833C7A-C776-4202-9DBD-BC879B23C605}.Release|x86.Build.0 = Release|Win32
		{6BC6349C-E355-4F1C-9290-FF755114A84B}.Debug|ARM.ActiveCfg = Debug|ARM
		{6BC6349C-E355-4F1C-9290-FF755114A84B}.Debug|ARM.Build.0 = Debug|ARM
		{6BC6349C-E355-4F1C-9290-FF755114A84B}.Debug|x64.ActiveCfg = Debug|x64
		{6BC6349C-E355-4F1C-9290-FF755114A84B}.Debug|x64.Build.0 = Debug|x64
		{6BC6349C-E355-4F1C-9290-FF755114A84B}.Debug|x86.ActiveCfg = Debug|Win32
		{6BC6349C-E355-4F1C-9290-FF755114A84B}.Debug|x86.Build.0 = Debug|Win32
		{6BC6349C-E355-4F1C-9290-FF755114A84B}.Release|ARM.ActiveCfg = Release|ARM
		{6BC6349C-E355-4F1C-9290-FF755114A84B}.Release|ARM.Build.0 = Release|ARM
		{6BC6349C-E355-4F1C-9290-FF755114A84B}.Release|x64.ActiveCfg = Release|x64
		{6BC6349C-E355-4F1C-9290-FF755114A84B}.Release|x64.Build.0 = Release|x64
		{6BC6349C-E355-4F1C-9290-FF755114A84B}.Release|x86.ActiveCfg = Release|Win32
		{6BC6349C-E355-4F1C-9290-FF755114A84B}.Release|x86.Build.0 = Release|Win32
		{E3AB27F1-EB89-4C65-85DF-CB6A4F805753}.Debug|ARM.ActiveCfg = Debug|ARM
		{E3AB27F1-EB89-4C65-85DF-CB6A4F805753}.Debug|ARM.Build.0 = Debug|ARM
		{E3AB27F1-EB89-4C65-85DF-CB6A4F805753}.Debug|x64.ActiveCfg = Debug|x64
		{E3AB27F1-EB89-4C65-85DF-CB6A4F805753}.Debug|x64.Build.0 = Debug|x64
		{E3AB27F1-EB89-4C65-85DF-CB6A4F805753}.Debug|x86.ActiveCfg = Debug|Win32
		{E3AB27F1-EB89-4C65-85DF-CB6A4F805753}.Debug|x86.Build.0 = Debug|Win32
		{E3AB27F1-EB89-4C65-85DF-CB6A4F805753}.Release|ARM.ActiveCfg = Release|ARM
		{E3AB27F1-EB89-4C65-85DF-CB6A4F805753}.Release|ARM.Build.0 = Release|ARM
		{E3AB27F1-EB89-4C65-85DF-CB6A4F805753}.Release|x64.ActiveCfg = Release|x64
		{E3AB27F1-EB89-4C65-85DF-CB6A4F805753}.Release|x64.Build.0 = Release|x64
		{E3AB27F1-EB89-4C65-85DF-CB6A4F805753}.Release|x86.ActiveCfg = Release|Win32
		{E3AB27F1-EB89-4C65-85DF-CB6A4F805753}.Release|x86.Build.0 = Release|Win32
		{936B2819-2364-45D9-901D-52878914FAFA}.Debug|ARM.ActiveCfg = Debug|ARM
		{936B2819-2364-45D9-901D-52878914FAFA}.Debug|ARM.Build.0 = Debug|ARM
		{936B2819-2364-45D9-901D-52878914FAFA}.Debug|x64.ActiveCfg = Debug|x64
		{936B2819-2364-45D9-901D-52878914FAFA}.Debug|x64.Build.0 = Debug|x64
		{936B2819-2364-45D9-901D-52878914FAFA}.Debug|x86.ActiveCfg = Debug|Win32
		{936B2819-2364-45D9-901D-52878914FAFA}.Debug|x86.Build.0 = Debug|Win32
		{936B2819-2364-45D9-901D-52878914FAFA}.Release|ARM.ActiveCfg = Release|ARM
		{936B2819-2364-45D9-901D-52878914FAFA}.Release|ARM.Build.0 = Release|ARM
		{936B2819-2364-45D9-901D-52878914FAFA}.Release|x64.ActiveCfg = Release|x64
		{936B2819-2364-45D9-901D-52878914FAFA}.Release|x64.Build.0 = Release|x64
		{936B2819-2364-45D9-901D-52878914FAFA}.Release|x86.ActiveCfg = Release|Win32
		{936B2819-2364-45D9-901D-52878914FAFA}.Release|x86.Build.0 = Release|Win32
	EndGlobalSection
	GlobalSection(SolutionProperties) = preSolution
		HideSolutionNode = FALSE
	EndGlobalSection
	GlobalSection(NestedProjects) = preSolution
		{C5BF6C98-F5E1-4053-AE43-05201DBDE3D2} = {31FED47D-FA76-46B2-B3DF-FC05915574D5}
		{633B0FEC-7CCA-4ADA-A6F0-BDE67E8F8EDF} = {C905ED38-9E0D-406C-AA7A-9FD7EB937F4B}
		{4E15E952-1078-48E4-8C2A-03C3A8031044} = {A50A4F57-E643-4487-AD3B-EB737F6DEB2C}
		{FA77B8A1-5862-4E9D-8313-15D4442CFA8C} = {A50A4F57-E643-4487-AD3B-EB737F6DEB2C}
		{A052426E-C428-4CDC-A50E-75D2410AC24F} = {A50A4F57-E643-4487-AD3B-EB737F6DEB2C}
		{89E9B32E-A86A-47C3-A948-D2B1622925CE} = {867BE30D-64F3-431A-A7CA-D22D179B7307}
		{3A833C7A-C776-4202-9DBD-BC879B23C605} = {867BE30D-64F3-431A-A7CA-D22D179B7307}
		{6BC6349C-E355-4F1C-9290-FF755114A84B} = {867BE30D-64F3-431A-A7CA-D22D179B7307}
		{E3AB27F1-EB89-4C65-85DF-CB6A4F805753} = {867BE30D-64F3-431A-A7CA-D22D179B7307}
		{936B2819-2364-45D9-901D-52878914FAFA} = {867BE30D-64F3-431A-A7CA-D22D179B7307}
	EndGlobalSection
EndGlobal
