<?xml version="1.0" encoding="utf-8"?>
<Project ToolsVersion="4.0" xmlns="http://schemas.microsoft.com/developer/msbuild/2003">
  <ItemGroup>
    <Filter Include="Common">
      <UniqueIdentifier>c5bf6c98-f5e1-4053-ae43-05201dbde3d2</UniqueIdentifier>
    </Filter>
    <Filter Include="Assets">
      <UniqueIdentifier>a2d326b6-a150-48e4-843f-eaa82ff1178f</UniqueIdentifier>
      <Extensions>bmp;fbx;gif;jpg;jpeg;tga;tiff;tif;png</Extensions>
    </Filter>
    <ClInclude Include="Common\DirectXHelper.h">
      <Filter>Common</Filter>
    </ClInclude>
    <ClInclude Include="Common\StepTimer.h">
      <Filter>Common</Filter>
    </ClInclude>
    <ClInclude Include="Common\DeviceResources.h">
      <Filter>Common</Filter>
    </ClInclude>
    <ClCompile Include="Common\DeviceResources.cpp">
      <Filter>Common</Filter>
    </ClCompile>
    <ClInclude Include="Content\Sample3DSceneRenderer.h">
      <Filter>Deprecated</Filter>
    </ClInclude>
    <ClInclude Include="Content\SampleFpsTextRenderer.h">
      <Filter>Deprecated</Filter>
    </ClInclude>
    <ClInclude Include="Content\ShaderStructures.h">
      <Filter>Deprecated</Filter>
    </ClInclude>
    <ClCompile Include="Content\Sample3DSceneRenderer.cpp">
      <Filter>Deprecated</Filter>
    </ClCompile>
    <ClCompile Include="Content\SampleFpsTextRenderer.cpp">
      <Filter>Deprecated</Filter>
    </ClCompile>
    <FxCompile Include="Content\SamplePixelShader.hlsl">
      <Filter>Deprecated</Filter>
    </FxCompile>
    <FxCompile Include="Content\SampleVertexShader.hlsl">
      <Filter>Deprecated</Filter>
    </FxCompile>
    <Image Include="Assets\LockScreenLogo.scale-200.png">
      <Filter>Assets</Filter>
    </Image>
    <Image Include="Assets\SplashScreen.scale-200.png">
      <Filter>Assets</Filter>
    </Image>
    <Image Include="Assets\Square150x150Logo.scale-200.png">
      <Filter>Assets</Filter>
    </Image>
    <Image Include="Assets\Square44x44Logo.scale-200.png">
      <Filter>Assets</Filter>
    </Image>
    <Image Include="Assets\Square44x44Logo.targetsize-24_altform-unplated.png">
      <Filter>Assets</Filter>
    </Image>
    <Image Include="Assets\Wide310x150Logo.scale-200.png">
      <Filter>Assets</Filter>
    </Image>
    <Filter Include="Assets\DukeData">
      <UniqueIdentifier>{7bfb2b30-6423-4ac8-b045-23fb48e73643}</UniqueIdentifier>
    </Filter>
    <Filter Include="Deprecated">
      <UniqueIdentifier>4c1d6018-6f60-417a-8ff9-5cadae54ec4d</UniqueIdentifier>
    </Filter>
    <Filter Include="Game">
      <UniqueIdentifier>{19cd18b7-a038-44d9-985c-f93dcf4ec501}</UniqueIdentifier>
    </Filter>
    <Filter Include="Shaders">
      <UniqueIdentifier>{25798611-dd31-4edd-8166-39a2c01f1091}</UniqueIdentifier>
    </Filter>
    <Filter Include="Assets\DukeData\Addons">
      <UniqueIdentifier>{2dca1332-3e41-4157-9ebe-deb5ada0eb63}</UniqueIdentifier>
    </Filter>
    <Filter Include="Assets\DukeData\Addons\dc">
      <UniqueIdentifier>{d41e7a51-98f1-43f6-94ab-749ceef174b6}</UniqueIdentifier>
    </Filter>
    <Filter Include="Assets\DukeData\Addons\nw">
      <UniqueIdentifier>{8826103f-0ce3-4d98-a463-9abff8754eb1}</UniqueIdentifier>
    </Filter>
    <Filter Include="Assets\DukeData\Addons\vacation">
      <UniqueIdentifier>{12cddbe9-db5d-44ad-96d6-7c73f76aad91}</UniqueIdentifier>
    </Filter>
    <Filter Include="Assets\DukeData\Mods">
      <UniqueIdentifier>{7ca747aa-e72f-45c8-93bc-87165dae155f}</UniqueIdentifier>
    </Filter>
    <Filter Include="Assets\DukeData\Mods\BloodCM">
      <UniqueIdentifier>{0f610092-8d8a-472a-9cef-be52fd89fda6}</UniqueIdentifier>
    </Filter>
    <Filter Include="Assets\DukeData\Mods\BloodCM\bicons">
      <UniqueIdentifier>{7360d49c-c39c-4c91-8d06-ce4fc545d0c9}</UniqueIdentifier>
    </Filter>
    <Filter Include="Assets\DukeData\Mods\BloodCM\bicons\enemies">
      <UniqueIdentifier>{6aebc082-f307-4288-9d7f-eab62852eb6e}</UniqueIdentifier>
    </Filter>
    <Filter Include="Assets\DukeData\Mods\BloodCM\bicons\objects">
      <UniqueIdentifier>{37f63e66-d6b0-4147-83c0-0daacc953e9c}</UniqueIdentifier>
    </Filter>
    <Filter Include="Assets\DukeData\Mods\BloodCM\bicons\weapons">
      <UniqueIdentifier>{3e1f043b-61f6-4b14-ab6e-9aff434c9536}</UniqueIdentifier>
    </Filter>
  </ItemGroup>
  <ItemGroup>
    <ClCompile Include="App.cpp" />
    <ClCompile Include="DukeNukemMain.cpp" />
    <ClCompile Include="pch.cpp" />
    <ClCompile Include="Game\actors.cpp">
      <Filter>Game</Filter>
    </ClCompile>
    <ClCompile Include="Game\anim.cpp">
      <Filter>Game</Filter>
    </ClCompile>
    <ClCompile Include="Game\animsounds.cpp">
      <Filter>Game</Filter>
    </ClCompile>
    <ClCompile Include="Game\animvpx.cpp">
      <Filter>Game</Filter>
    </ClCompile>
    <ClCompile Include="Game\common.cpp">
      <Filter>Game</Filter>
    </ClCompile>
    <ClCompile Include="Game\config.cpp">
      <Filter>Game</Filter>
    </ClCompile>
    <ClCompile Include="Game\demo.cpp">
      <Filter>Game</Filter>
    </ClCompile>
    <ClCompile Include="Game\game.cpp">
      <Filter>Game</Filter>
    </ClCompile>
    <ClCompile Include="Game\gamedef.cpp">
      <Filter>Game</Filter>
    </ClCompile>
    <ClCompile Include="Game\gameexec.cpp">
      <Filter>Game</Filter>
    </ClCompile>
    <ClCompile Include="Game\gamevars.cpp">
      <Filter>Game</Filter>
    </ClCompile>
    <ClCompile Include="Game\global.cpp">
      <Filter>Game</Filter>
    </ClCompile>
    <ClCompile Include="Game\grpscan.cpp">
      <Filter>Game</Filter>
    </ClCompile>
    <ClCompile Include="Game\input.cpp">
      <Filter>Game</Filter>
    </ClCompile>
    <ClCompile Include="Game\m32common.cpp">
      <Filter>Game</Filter>
    </ClCompile>
    <ClCompile Include="Game\m32def.cpp">
      <Filter>Game</Filter>
    </ClCompile>
    <ClCompile Include="Game\m32exec.cpp">
      <Filter>Game</Filter>
    </ClCompile>
    <ClCompile Include="Game\m32vars.cpp">
      <Filter>Game</Filter>
    </ClCompile>
    <ClCompile Include="Game\mdump.cpp">
      <Filter>Game</Filter>
    </ClCompile>
    <ClCompile Include="Game\menus.cpp">
      <Filter>Game</Filter>
    </ClCompile>
    <ClCompile Include="Game\midi.cpp">
      <Filter>Game</Filter>
    </ClCompile>
    <ClCompile Include="Game\mpu401.cpp">
      <Filter>Game</Filter>
    </ClCompile>
    <ClCompile Include="Game\music.cpp">
      <Filter>Game</Filter>
    </ClCompile>
    <ClCompile Include="Game\namesdyn.cpp">
      <Filter>Game</Filter>
    </ClCompile>
    <ClCompile Include="Game\net.cpp">
      <Filter>Game</Filter>
    </ClCompile>
    <ClCompile Include="Game\osdcmds.cpp">
      <Filter>Game</Filter>
    </ClCompile>
    <ClCompile Include="Game\osdfuncs.cpp">
      <Filter>Game</Filter>
    </ClCompile>
    <ClCompile Include="Game\player.cpp">
      <Filter>Game</Filter>
    </ClCompile>
    <ClCompile Include="Game\premap.cpp">
      <Filter>Game</Filter>
    </ClCompile>
    <ClCompile Include="Game\rev.cpp">
      <Filter>Game</Filter>
    </ClCompile>
    <ClCompile Include="Game\rts.cpp">
      <Filter>Game</Filter>
    </ClCompile>
    <ClCompile Include="Game\savegame.cpp">
      <Filter>Game</Filter>
    </ClCompile>
    <ClCompile Include="Game\sector.cpp">
      <Filter>Game</Filter>
    </ClCompile>
    <ClCompile Include="Game\sector_inline.cpp">
      <Filter>Game</Filter>
    </ClCompile>
    <ClCompile Include="Game\sounds.cpp">
      <Filter>Game</Filter>
    </ClCompile>
    <ClCompile Include="Game\soundsdyn.cpp">
      <Filter>Game</Filter>
    </ClCompile>
    <ClCompile Include="Game\startwin.game.cpp">
      <Filter>Game</Filter>
    </ClCompile>
    <ClCompile Include="Game\winbits.cpp">
      <Filter>Game</Filter>
    </ClCompile>
    <ClCompile Include="Game\Cheats.cpp">
      <Filter>Game</Filter>
    </ClCompile>
    <ClCompile Include="Game\cmdline.cpp">
      <Filter>Game</Filter>
    </ClCompile>
    <ClCompile Include="Game\sbar.cpp">
      <Filter>Game</Filter>
    </ClCompile>
    <ClCompile Include="Game\screens.cpp">
      <Filter>Game</Filter>
    </ClCompile>
    <ClCompile Include="Game\screentext.cpp">
      <Filter>Game</Filter>
    </ClCompile>
  </ItemGroup>
  <ItemGroup>
    <ClInclude Include="App.h" />
    <ClInclude Include="DukeNukemMain.h" />
    <ClInclude Include="pch.h" />
    <ClInclude Include="Game\_functio.h">
      <Filter>Game</Filter>
    </ClInclude>
    <ClInclude Include="Game\_midi.h">
      <Filter>Game</Filter>
    </ClInclude>
    <ClInclude Include="Game\_rts.h">
      <Filter>Game</Filter>
    </ClInclude>
    <ClInclude Include="Game\actors.h">
      <Filter>Game</Filter>
    </ClInclude>
    <ClInclude Include="Game\actors_inline.h">
      <Filter>Game</Filter>
    </ClInclude>
    <ClInclude Include="Game\android.h">
      <Filter>Game</Filter>
    </ClInclude>
    <ClInclude Include="Game\anim.h">
      <Filter>Game</Filter>
    </ClInclude>
    <ClInclude Include="Game\animsounds.h">
      <Filter>Game</Filter>
    </ClInclude>
    <ClInclude Include="Game\animvpx.h">
      <Filter>Game</Filter>
    </ClInclude>
    <ClInclude Include="Game\common_game.h">
      <Filter>Game</Filter>
    </ClInclude>
    <ClInclude Include="Game\config.h">
      <Filter>Game</Filter>
    </ClInclude>
    <ClInclude Include="Game\demo.h">
      <Filter>Game</Filter>
    </ClInclude>
    <ClInclude Include="Game\duke3d.h">
      <Filter>Game</Filter>
    </ClInclude>
    <ClInclude Include="Game\events_defs.h">
      <Filter>Game</Filter>
    </ClInclude>
    <ClInclude Include="Game\function.h">
      <Filter>Game</Filter>
    </ClInclude>
    <ClInclude Include="Game\game.h">
      <Filter>Game</Filter>
    </ClInclude>
    <ClInclude Include="Game\game_inline.h">
      <Filter>Game</Filter>
    </ClInclude>
    <ClInclude Include="Game\gamedef.h">
      <Filter>Game</Filter>
    </ClInclude>
    <ClInclude Include="Game\gamedefs.h">
      <Filter>Game</Filter>
    </ClInclude>
    <ClInclude Include="Game\gameexec.h">
      <Filter>Game</Filter>
    </ClInclude>
    <ClInclude Include="Game\GameListSource.game.h">
      <Filter>Game</Filter>
    </ClInclude>
    <ClInclude Include="Game\gamevars.h">
      <Filter>Game</Filter>
    </ClInclude>
    <ClInclude Include="Game\global.h">
      <Filter>Game</Filter>
    </ClInclude>
    <ClInclude Include="Game\GrpFile.game.h">
      <Filter>Game</Filter>
    </ClInclude>
    <ClInclude Include="Game\grpscan.h">
      <Filter>Game</Filter>
    </ClInclude>
    <ClInclude Include="Game\input.h">
      <Filter>Game</Filter>
    </ClInclude>
    <ClInclude Include="Game\keys.h">
      <Filter>Game</Filter>
    </ClInclude>
    <ClInclude Include="Game\m32def.h">
      <Filter>Game</Filter>
    </ClInclude>
    <ClInclude Include="Game\macros.h">
      <Filter>Game</Filter>
    </ClInclude>
    <ClInclude Include="Game\mapster32.h">
      <Filter>Game</Filter>
    </ClInclude>
    <ClInclude Include="Game\mdump.h">
      <Filter>Game</Filter>
    </ClInclude>
    <ClInclude Include="Game\menus.h">
      <Filter>Game</Filter>
    </ClInclude>
    <ClInclude Include="Game\midi.h">
      <Filter>Game</Filter>
    </ClInclude>
    <ClInclude Include="Game\mpu401.h">
      <Filter>Game</Filter>
    </ClInclude>
    <ClInclude Include="Game\names.h">
      <Filter>Game</Filter>
    </ClInclude>
    <ClInclude Include="Game\namesdyn.h">
      <Filter>Game</Filter>
    </ClInclude>
    <ClInclude Include="Game\net.h">
      <Filter>Game</Filter>
    </ClInclude>
    <ClInclude Include="Game\osdcmds.h">
      <Filter>Game</Filter>
    </ClInclude>
    <ClInclude Include="Game\osdfuncs.h">
      <Filter>Game</Filter>
    </ClInclude>
    <ClInclude Include="Game\player.h">
      <Filter>Game</Filter>
    </ClInclude>
    <ClInclude Include="Game\premap.h">
      <Filter>Game</Filter>
    </ClInclude>
    <ClInclude Include="Game\quotes.h">
      <Filter>Game</Filter>
    </ClInclude>
    <ClInclude Include="Game\rts.h">
      <Filter>Game</Filter>
    </ClInclude>
    <ClInclude Include="Game\savegame.h">
      <Filter>Game</Filter>
    </ClInclude>
    <ClInclude Include="Game\sector.h">
      <Filter>Game</Filter>
    </ClInclude>
    <ClInclude Include="Game\sector_inline.h">
      <Filter>Game</Filter>
    </ClInclude>
    <ClInclude Include="Game\soundefs.h">
      <Filter>Game</Filter>
    </ClInclude>
    <ClInclude Include="Game\sounds.h">
      <Filter>Game</Filter>
    </ClInclude>
    <ClInclude Include="Game\sounds_common.h">
      <Filter>Game</Filter>
    </ClInclude>
    <ClInclude Include="Game\sounds_mapster32.h">
      <Filter>Game</Filter>
    </ClInclude>
    <ClInclude Include="Game\soundsdyn.h">
      <Filter>Game</Filter>
    </ClInclude>
    <ClInclude Include="Game\standard.h">
      <Filter>Game</Filter>
    </ClInclude>
    <ClInclude Include="Game\startwin.game.h">
      <Filter>Game</Filter>
    </ClInclude>
    <ClInclude Include="Common\GraphicsContext.h">
      <Filter>Common</Filter>
    </ClInclude>
    <ClInclude Include="Assets\dukedata\Mods\bloodcm\names.h">
      <Filter>Assets\DukeData\Mods\BloodCM</Filter>
    </ClInclude>
    <ClInclude Include="Game\Cheats.h">
      <Filter>Game</Filter>
    </ClInclude>
    <ClInclude Include="Game\cmdline.h">
      <Filter>Game</Filter>
    </ClInclude>
    <ClInclude Include="Game\inv.h">
      <Filter>Game</Filter>
    </ClInclude>
    <ClInclude Include="Game\sbar.h">
      <Filter>Game</Filter>
    </ClInclude>
    <ClInclude Include="Game\screens.h">
      <Filter>Game</Filter>
    </ClInclude>
    <ClInclude Include="Game\screentext.h">
      <Filter>Game</Filter>
    </ClInclude>
  </ItemGroup>
  <ItemGroup>
    <Image Include="Assets\StoreLogo.png">
      <Filter>Assets</Filter>
    </Image>
    <Image Include="Assets\SplashScreen.scale-400.png">
      <Filter>Assets</Filter>
    </Image>
    <Image Include="Assets\SplashScreen.scale-150.png">
      <Filter>Assets</Filter>
    </Image>
  </ItemGroup>
  <ItemGroup>
    <AppxManifest Include="Package.appxmanifest" />
  </ItemGroup>
  <ItemGroup>
    <None Include="DukeNukem_TemporaryKey.pfx" />
    <None Include="Assets\dukedata\duke3d.cfg">
      <Filter>Assets\DukeData</Filter>
    </None>
    <None Include="Assets\dukedata\duke3d.grp">
      <Filter>Assets\DukeData</Filter>
    </None>
    <None Include="Shaders\guishader.hlsli">
      <Filter>Shaders</Filter>
    </None>
    <None Include="Shaders\AlbedoSimple.hlsli">
      <Filter>Shaders</Filter>
    </None>
    <None Include="Assets\dukedata\233c.ogg">
      <Filter>Assets\DukeData</Filter>
    </None>
    <None Include="Assets\dukedata\ahgeez.ogg">
      <Filter>Assets\DukeData</Filter>
    </None>
    <None Include="Assets\dukedata\alfredh.ogg">
      <Filter>Assets\DukeData</Filter>
    </None>
    <None Include="Assets\dukedata\alienz.ogg">
      <Filter>Assets\DukeData</Filter>
    </None>
    <None Include="Assets\dukedata\bakedgds.ogg">
      <Filter>Assets\DukeData</Filter>
    </None>
    <None Include="Assets\dukedata\briefing.ogg">
      <Filter>Assets\DukeData</Filter>
    </None>
    <None Include="Assets\dukedata\cf.ogg">
      <Filter>Assets\DukeData</Filter>
    </None>
    <None Include="Assets\dukedata\depart.ogg">
      <Filter>Assets\DukeData</Filter>
    </None>
    <None Include="Assets\dukedata\dethtoll.ogg">
      <Filter>Assets\DukeData</Filter>
    </None>
    <None Include="Assets\dukedata\fatcmdr.ogg">
      <Filter>Assets\DukeData</Filter>
    </None>
    <None Include="Assets\dukedata\floghorn.ogg">
      <Filter>Assets\DukeData</Filter>
    </None>
    <None Include="Assets\dukedata\futurmil.ogg">
      <Filter>Assets\DukeData</Filter>
    </None>
    <None Include="Assets\dukedata\gloomy.ogg">
      <Filter>Assets\DukeData</Filter>
    </None>
    <None Include="Assets\dukedata\gotham.ogg">
      <Filter>Assets\DukeData</Filter>
    </None>
    <None Include="Assets\dukedata\grabbag.ogg">
      <Filter>Assets\DukeData</Filter>
    </None>
    <None Include="Assets\dukedata\gutwrnch.ogg">
      <Filter>Assets\DukeData</Filter>
    </None>
    <None Include="Assets\dukedata\intents.ogg">
      <Filter>Assets\DukeData</Filter>
    </None>
    <None Include="Assets\dukedata\invader.ogg">
      <Filter>Assets\DukeData</Filter>
    </None>
    <None Include="Assets\dukedata\layers.ogg">
      <Filter>Assets\DukeData</Filter>
    </None>
    <None Include="Assets\dukedata\lemchill.ogg">
      <Filter>Assets\DukeData</Filter>
    </None>
    <None Include="Assets\dukedata\lordofla.ogg">
      <Filter>Assets\DukeData</Filter>
    </None>
    <None Include="Assets\dukedata\missimp.ogg">
      <Filter>Assets\DukeData</Filter>
    </None>
    <None Include="Assets\dukedata\names.ogg">
      <Filter>Assets\DukeData</Filter>
    </None>
    <None Include="Assets\dukedata\pizzed.ogg">
      <Filter>Assets\DukeData</Filter>
    </None>
    <None Include="Assets\dukedata\pob.ogg">
      <Filter>Assets\DukeData</Filter>
    </None>
    <None Include="Assets\dukedata\prepd.ogg">
      <Filter>Assets\DukeData</Filter>
    </None>
    <None Include="Assets\dukedata\restrict.ogg">
      <Filter>Assets\DukeData</Filter>
    </None>
    <None Include="Assets\dukedata\robocrep.ogg">
      <Filter>Assets\DukeData</Filter>
    </None>
    <None Include="Assets\dukedata\snake1.ogg">
      <Filter>Assets\DukeData</Filter>
    </None>
    <None Include="Assets\dukedata\spook.ogg">
      <Filter>Assets\DukeData</Filter>
    </None>
    <None Include="Assets\dukedata\stalag.ogg">
      <Filter>Assets\DukeData</Filter>
    </None>
    <None Include="Assets\dukedata\stalker.ogg">
      <Filter>Assets\DukeData</Filter>
    </None>
    <None Include="Assets\dukedata\storm.ogg">
      <Filter>Assets\DukeData</Filter>
    </None>
    <None Include="Assets\dukedata\streets.ogg">
      <Filter>Assets\DukeData</Filter>
    </None>
    <None Include="Assets\dukedata\subway.ogg">
      <Filter>Assets\DukeData</Filter>
    </None>
    <None Include="Assets\dukedata\thecall.ogg">
      <Filter>Assets\DukeData</Filter>
    </None>
    <None Include="Assets\dukedata\urban.ogg">
      <Filter>Assets\DukeData</Filter>
    </None>
    <None Include="Assets\dukedata\warehaus.ogg">
      <Filter>Assets\DukeData</Filter>
    </None>
    <None Include="Assets\dukedata\watrwld1.ogg">
      <Filter>Assets\DukeData</Filter>
    </None>
    <None Include="Assets\dukedata\whomp.ogg">
      <Filter>Assets\DukeData</Filter>
    </None>
    <None Include="Assets\dukedata\xplasma.ogg">
      <Filter>Assets\DukeData</Filter>
    </None>
    <None Include="Assets\dukedata\inhiding.ogg">
      <Filter>Assets\DukeData</Filter>
    </None>
    <None Include="Assets\dukedata\newboard.map">
      <Filter>Assets\DukeData</Filter>
    </None>
    <None Include="Assets\dukedata\clcoast.map">
      <Filter>Assets\DukeData</Filter>
    </None>
    <None Include="Assets\dukedata\addons\dc\dukedc.grp">
      <Filter>Assets\DukeData\Addons\dc</Filter>
    </None>
    <None Include="Assets\dukedata\addons\dc\DUKEDC1.MAP">
      <Filter>Assets\DukeData\Addons\dc</Filter>
    </None>
    <None Include="Assets\dukedata\addons\dc\DUKEDC2.MAP">
      <Filter>Assets\DukeData\Addons\dc</Filter>
    </None>
    <None Include="Assets\dukedata\addons\dc\DUKEDC3.MAP">
      <Filter>Assets\DukeData\Addons\dc</Filter>
    </None>
    <None Include="Assets\dukedata\addons\dc\DUKEDC4.MAP">
      <Filter>Assets\DukeData\Addons\dc</Filter>
    </None>
    <None Include="Assets\dukedata\addons\dc\DUKEDC5.MAP">
      <Filter>Assets\DukeData\Addons\dc</Filter>
    </None>
    <None Include="Assets\dukedata\addons\dc\DUKEDC6.MAP">
      <Filter>Assets\DukeData\Addons\dc</Filter>
    </None>
    <None Include="Assets\dukedata\addons\dc\DUKEDC7.MAP">
      <Filter>Assets\DukeData\Addons\dc</Filter>
    </None>
    <None Include="Assets\dukedata\addons\dc\DUKEDC8.MAP">
      <Filter>Assets\DukeData\Addons\dc</Filter>
    </None>
    <None Include="Assets\dukedata\addons\dc\DUKEDC9.MAP">
      <Filter>Assets\DukeData\Addons\dc</Filter>
    </None>
    <None Include="Assets\dukedata\addons\dc\DUKEDCSL.MAP">
      <Filter>Assets\DukeData\Addons\dc</Filter>
    </None>
    <None Include="Assets\dukedata\addons\nw\E2L1.MAP">
      <Filter>Assets\DukeData\Addons\nw</Filter>
    </None>
    <None Include="Assets\dukedata\addons\nw\E2L2.MAP">
      <Filter>Assets\DukeData\Addons\nw</Filter>
    </None>
    <None Include="Assets\dukedata\addons\nw\E2L3.MAP">
      <Filter>Assets\DukeData\Addons\nw</Filter>
    </None>
    <None Include="Assets\dukedata\addons\nw\E2L4.MAP">
      <Filter>Assets\DukeData\Addons\nw</Filter>
    </None>
    <None Include="Assets\dukedata\addons\nw\E2L5.MAP">
      <Filter>Assets\DukeData\Addons\nw</Filter>
    </None>
    <None Include="Assets\dukedata\addons\nw\E2L6.MAP">
      <Filter>Assets\DukeData\Addons\nw</Filter>
    </None>
    <None Include="Assets\dukedata\addons\nw\E2L7.MAP">
      <Filter>Assets\DukeData\Addons\nw</Filter>
    </None>
    <None Include="Assets\dukedata\addons\nw\E2L8.MAP">
      <Filter>Assets\DukeData\Addons\nw</Filter>
    </None>
    <None Include="Assets\dukedata\addons\nw\nwactor.con">
      <Filter>Assets\DukeData\Addons\nw</Filter>
    </None>
    <None Include="Assets\dukedata\addons\nw\nwinter.con">
      <Filter>Assets\DukeData\Addons\nw</Filter>
    </None>
    <None Include="Assets\dukedata\addons\nw\nwinter.grp">
      <Filter>Assets\DukeData\Addons\nw</Filter>
    </None>
    <None Include="Assets\dukedata\addons\vacation\VACA1.MAP">
      <Filter>Assets\DukeData\Addons\vacation</Filter>
    </None>
    <None Include="Assets\dukedata\addons\vacation\VACA2.MAP">
      <Filter>Assets\DukeData\Addons\vacation</Filter>
    </None>
    <None Include="Assets\dukedata\addons\vacation\VACA3.MAP">
      <Filter>Assets\DukeData\Addons\vacation</Filter>
    </None>
    <None Include="Assets\dukedata\addons\vacation\VACA4.MAP">
      <Filter>Assets\DukeData\Addons\vacation</Filter>
    </None>
    <None Include="Assets\dukedata\addons\vacation\VACA5.MAP">
      <Filter>Assets\DukeData\Addons\vacation</Filter>
    </None>
    <None Include="Assets\dukedata\addons\vacation\VACA6.MAP">
      <Filter>Assets\DukeData\Addons\vacation</Filter>
    </None>
    <None Include="Assets\dukedata\addons\vacation\VACA7.MAP">
      <Filter>Assets\DukeData\Addons\vacation</Filter>
    </None>
    <None Include="Assets\dukedata\addons\vacation\VACADM1.MAP">
      <Filter>Assets\DukeData\Addons\vacation</Filter>
    </None>
    <None Include="Assets\dukedata\addons\vacation\VACADM2.MAP">
      <Filter>Assets\DukeData\Addons\vacation</Filter>
    </None>
    <None Include="Assets\dukedata\addons\vacation\VACADM3.MAP">
      <Filter>Assets\DukeData\Addons\vacation</Filter>
    </None>
    <None Include="Assets\dukedata\addons\vacation\VACADM4.MAP">
      <Filter>Assets\DukeData\Addons\vacation</Filter>
    </None>
    <None Include="Assets\dukedata\addons\vacation\VACASL.MAP">
      <Filter>Assets\DukeData\Addons\vacation</Filter>
    </None>
    <None Include="Assets\dukedata\addons\vacation\vacation.grp">
      <Filter>Assets\DukeData\Addons\vacation</Filter>
    </None>
    <None Include="Assets\dukedata\addons\nw\nwdefs.con">
      <Filter>Assets\DukeData\Addons\nw</Filter>
    </None>
    <None Include="Assets\dukedata\Mods\bloodcm\autoexec.cfg">
      <Filter>Assets\DukeData\Mods\BloodCM</Filter>
    </None>
    <None Include="Assets\dukedata\Mods\bloodcm\bcm.cfg">
      <Filter>Assets\DukeData\Mods\BloodCM</Filter>
    </None>
    <None Include="Assets\dukedata\Mods\bloodcm\bcm_m32_settings.cfg">
      <Filter>Assets\DukeData\Mods\BloodCM</Filter>
    </None>
    <None Include="Assets\dukedata\Mods\bloodcm\bcm_settings.cfg">
      <Filter>Assets\DukeData\Mods\BloodCM</Filter>
    </None>
    <None Include="Assets\dukedata\Mods\bloodcm\BloodCM.grp">
      <Filter>Assets\DukeData\Mods\BloodCM</Filter>
    </None>
    <None Include="Assets\dukedata\Mods\bloodcm\BloodCM.m32">
      <Filter>Assets\DukeData\Mods\BloodCM</Filter>
    </None>
    <None Include="Assets\dukedata\Mods\bloodcm\m32_autoexec.cfg">
      <Filter>Assets\DukeData\Mods\BloodCM</Filter>
    </None>
    <None Include="Assets\dukedata\Mods\bloodcm\st_correct.m32">
      <Filter>Assets\DukeData\Mods\BloodCM</Filter>
    </None>
    <None Include="Assets\dukedata\Mods\bloodcm\textures">
      <Filter>Assets\DukeData\Mods\BloodCM</Filter>
    </None>
    <None Include="Assets\dukedata\Mods\bloodcm\textures.cache">
      <Filter>Assets\DukeData\Mods\BloodCM</Filter>
    </None>
    <None Include="Assets\dukedata\Mods\bloodcm\tiles.cfg">
      <Filter>Assets\DukeData\Mods\BloodCM</Filter>
    </None>
    <None Include="Assets\dukedata\Mods\bloodcm\blcons\bloodcm.con">
      <Filter>Assets\DukeData\Mods\BloodCM\bicons</Filter>
    </None>
    <None Include="Assets\dukedata\Mods\bloodcm\blcons\cheats.con">
      <Filter>Assets\DukeData\Mods\BloodCM\bicons</Filter>
    </None>
    <None Include="Assets\dukedata\Mods\bloodcm\blcons\defs.con">
      <Filter>Assets\DukeData\Mods\BloodCM\bicons</Filter>
    </None>
    <None Include="Assets\dukedata\Mods\bloodcm\blcons\enemies.con">
      <Filter>Assets\DukeData\Mods\BloodCM\bicons</Filter>
    </None>
    <None Include="Assets\dukedata\Mods\bloodcm\blcons\enemy_param.con">
      <Filter>Assets\DukeData\Mods\BloodCM\bicons</Filter>
    </None>
    <None Include="Assets\dukedata\Mods\bloodcm\blcons\global.con">
      <Filter>Assets\DukeData\Mods\BloodCM\bicons</Filter>
    </None>
    <None Include="Assets\dukedata\Mods\bloodcm\blcons\hud.con">
      <Filter>Assets\DukeData\Mods\BloodCM\bicons</Filter>
    </None>
    <None Include="Assets\dukedata\Mods\bloodcm\blcons\interact.con">
      <Filter>Assets\DukeData\Mods\BloodCM\bicons</Filter>
    </None>
    <None Include="Assets\dukedata\Mods\bloodcm\blcons\invis.con">
      <Filter>Assets\DukeData\Mods\BloodCM\bicons</Filter>
    </None>
    <None Include="Assets\dukedata\Mods\bloodcm\blcons\particles.con">
      <Filter>Assets\DukeData\Mods\BloodCM\bicons</Filter>
    </None>
    <None Include="Assets\dukedata\Mods\bloodcm\blcons\phys1.con">
      <Filter>Assets\DukeData\Mods\BloodCM\bicons</Filter>
    </None>
    <None Include="Assets\dukedata\Mods\bloodcm\blcons\physics.con">
      <Filter>Assets\DukeData\Mods\BloodCM\bicons</Filter>
    </None>
    <None Include="Assets\dukedata\Mods\bloodcm\blcons\proj_anim.con">
      <Filter>Assets\DukeData\Mods\BloodCM\bicons</Filter>
    </None>
    <None Include="Assets\dukedata\Mods\bloodcm\blcons\qav2tc.con">
      <Filter>Assets\DukeData\Mods\BloodCM\bicons</Filter>
    </None>
    <None Include="Assets\dukedata\Mods\bloodcm\blcons\sounds.con">
      <Filter>Assets\DukeData\Mods\BloodCM\bicons</Filter>
    </None>
    <None Include="Assets\dukedata\Mods\bloodcm\blcons\sprites.con">
      <Filter>Assets\DukeData\Mods\BloodCM\bicons</Filter>
    </None>
    <None Include="Assets\dukedata\Mods\bloodcm\blcons\user.con">
      <Filter>Assets\DukeData\Mods\BloodCM\bicons</Filter>
    </None>
    <None Include="Assets\dukedata\Mods\bloodcm\blcons\weapons.con">
      <Filter>Assets\DukeData\Mods\BloodCM\bicons</Filter>
    </None>
    <None Include="Assets\dukedata\Mods\bloodcm\blcons\enemies\bat.con">
      <Filter>Assets\DukeData\Mods\BloodCM\bicons\enemies</Filter>
    </None>
    <None Include="Assets\dukedata\Mods\bloodcm\blcons\enemies\boneell.con">
      <Filter>Assets\DukeData\Mods\BloodCM\bicons\enemies</Filter>
    </None>
    <None Include="Assets\dukedata\Mods\bloodcm\blcons\enemies\burningguy.con">
      <Filter>Assets\DukeData\Mods\BloodCM\bicons\enemies</Filter>
    </None>
    <None Include="Assets\dukedata\Mods\bloodcm\blcons\enemies\civil.con">
      <Filter>Assets\DukeData\Mods\BloodCM\bicons\enemies</Filter>
    </None>
    <None Include="Assets\dukedata\Mods\bloodcm\blcons\enemies\cultist.con">
      <Filter>Assets\DukeData\Mods\BloodCM\bicons\enemies</Filter>
    </None>
    <None Include="Assets\dukedata\Mods\bloodcm\blcons\enemies\evilhand.con">
      <Filter>Assets\DukeData\Mods\BloodCM\bicons\enemies</Filter>
    </None>
    <None Include="Assets\dukedata\Mods\bloodcm\blcons\enemies\fatrat.con">
      <Filter>Assets\DukeData\Mods\BloodCM\bicons\enemies</Filter>
    </None>
    <None Include="Assets\dukedata\Mods\bloodcm\blcons\enemies\fatzombie.con">
      <Filter>Assets\DukeData\Mods\BloodCM\bicons\enemies</Filter>
    </None>
    <None Include="Assets\dukedata\Mods\bloodcm\blcons\enemies\gargoyle.con">
      <Filter>Assets\DukeData\Mods\BloodCM\bicons\enemies</Filter>
    </None>
    <None Include="Assets\dukedata\Mods\bloodcm\blcons\enemies\gillbeast.con">
      <Filter>Assets\DukeData\Mods\BloodCM\bicons\enemies</Filter>
    </None>
    <None Include="Assets\dukedata\Mods\bloodcm\blcons\enemies\good_doggy.con">
      <Filter>Assets\DukeData\Mods\BloodCM\bicons\enemies</Filter>
    </None>
    <None Include="Assets\dukedata\Mods\bloodcm\blcons\enemies\hellhound.con">
      <Filter>Assets\DukeData\Mods\BloodCM\bicons\enemies</Filter>
    </None>
    <None Include="Assets\dukedata\Mods\bloodcm\blcons\enemies\phantasm.con">
      <Filter>Assets\DukeData\Mods\BloodCM\bicons\enemies</Filter>
    </None>
    <None Include="Assets\dukedata\Mods\bloodcm\blcons\enemies\spider.con">
      <Filter>Assets\DukeData\Mods\BloodCM\bicons\enemies</Filter>
    </None>
    <None Include="Assets\dukedata\Mods\bloodcm\blcons\enemies\zombie.con">
      <Filter>Assets\DukeData\Mods\BloodCM\bicons\enemies</Filter>
    </None>
    <None Include="Assets\dukedata\Mods\bloodcm\blcons\objects\aplayer.con">
      <Filter>Assets\DukeData\Mods\BloodCM\bicons\objects</Filter>
    </None>
    <None Include="Assets\dukedata\Mods\bloodcm\blcons\objects\damagesect.con">
      <Filter>Assets\DukeData\Mods\BloodCM\bicons\objects</Filter>
    </None>
    <None Include="Assets\dukedata\Mods\bloodcm\blcons\objects\guns.con">
      <Filter>Assets\DukeData\Mods\BloodCM\bicons\objects</Filter>
    </None>
    <None Include="Assets\dukedata\Mods\bloodcm\blcons\objects\lighteffector.con">
      <Filter>Assets\DukeData\Mods\BloodCM\bicons\objects</Filter>
    </None>
    <None Include="Assets\dukedata\Mods\bloodcm\blcons\objects\moving_sector_actors.con">
      <Filter>Assets\DukeData\Mods\BloodCM\bicons\objects</Filter>
    </None>
    <None Include="Assets\dukedata\Mods\bloodcm\blcons\objects\spawner.con">
      <Filter>Assets\DukeData\Mods\BloodCM\bicons\objects</Filter>
    </None>
    <None Include="Assets\dukedata\Mods\bloodcm\blcons\objects\spritetoactor.con">
      <Filter>Assets\DukeData\Mods\BloodCM\bicons\objects</Filter>
    </None>
    <None Include="Assets\dukedata\Mods\bloodcm\blcons\objects\switches.con">
      <Filter>Assets\DukeData\Mods\BloodCM\bicons\objects</Filter>
    </None>
    <None Include="Assets\dukedata\Mods\bloodcm\blcons\objects\tc_locker.con">
      <Filter>Assets\DukeData\Mods\BloodCM\bicons\objects</Filter>
    </None>
    <None Include="Assets\dukedata\Mods\bloodcm\blcons\objects\timeactivator.con">
      <Filter>Assets\DukeData\Mods\BloodCM\bicons\objects</Filter>
    </None>
    <None Include="Assets\dukedata\Mods\bloodcm\blcons\objects\trigger.con">
      <Filter>Assets\DukeData\Mods\BloodCM\bicons\objects</Filter>
    </None>
    <None Include="Assets\dukedata\Mods\bloodcm\blcons\objects\triggerquote.con">
      <Filter>Assets\DukeData\Mods\BloodCM\bicons\objects</Filter>
    </None>
    <None Include="Assets\dukedata\Mods\bloodcm\blcons\objects\triggersound.con">
      <Filter>Assets\DukeData\Mods\BloodCM\bicons\objects</Filter>
    </None>
    <None Include="Assets\dukedata\Mods\bloodcm\blcons\weapons\dynamite.con">
      <Filter>Assets\DukeData\Mods\BloodCM\bicons\weapons</Filter>
    </None>
    <None Include="Assets\dukedata\Mods\bloodcm\blcons\weapons\flarepistol.con">
      <Filter>Assets\DukeData\Mods\BloodCM\bicons\weapons</Filter>
    </None>
    <None Include="Assets\dukedata\Mods\bloodcm\blcons\weapons\hellstaff.con">
      <Filter>Assets\DukeData\Mods\BloodCM\bicons\weapons</Filter>
    </None>
    <None Include="Assets\dukedata\Mods\bloodcm\blcons\weapons\napalm.con">
      <Filter>Assets\DukeData\Mods\BloodCM\bicons\weapons</Filter>
    </None>
    <None Include="Assets\dukedata\Mods\bloodcm\blcons\weapons\pitchfork.con">
      <Filter>Assets\DukeData\Mods\BloodCM\bicons\weapons</Filter>
    </None>
    <None Include="Assets\dukedata\Mods\bloodcm\blcons\weapons\shotgun.con">
      <Filter>Assets\DukeData\Mods\BloodCM\bicons\weapons</Filter>
    </None>
    <None Include="Assets\dukedata\Mods\bloodcm\blcons\weapons\spraycan.con">
      <Filter>Assets\DukeData\Mods\BloodCM\bicons\weapons</Filter>
    </None>
    <None Include="Assets\dukedata\Mods\bloodcm\blcons\weapons\teslagun.con">
      <Filter>Assets\DukeData\Mods\BloodCM\bicons\weapons</Filter>
    </None>
    <None Include="Assets\dukedata\Mods\bloodcm\blcons\weapons\tommygun.con">
      <Filter>Assets\DukeData\Mods\BloodCM\bicons\weapons</Filter>
    </None>
    <None Include="Assets\dukedata\Mods\bloodcm\blcons\weapons\voodoodoll.con">
      <Filter>Assets\DukeData\Mods\BloodCM\bicons\weapons</Filter>
    </None>
  </ItemGroup>
  <ItemGroup>
    <FxCompile Include="Shaders\guishader_vertex.hlsl">
      <Filter>Shaders</Filter>
    </FxCompile>
    <FxCompile Include="Shaders\guishader_pixel.hlsl">
      <Filter>Shaders</Filter>
    </FxCompile>
    <FxCompile Include="Shaders\AlbedoSimple_vertex.hlsl">
      <Filter>Shaders</Filter>
    </FxCompile>
    <FxCompile Include="Shaders\SpriteSimple_pixel.hlsl">
      <Filter>Shaders</Filter>
    </FxCompile>
    <FxCompile Include="Shaders\SpriteSimple_vertex.hlsl">
      <Filter>Shaders</Filter>
    </FxCompile>
    <FxCompile Include="Shaders\AlbedoSimple_pixel.hlsl">
      <Filter>Shaders</Filter>
    </FxCompile>
  </ItemGroup>
</Project>